{
  "originHash" : "d69b48e21a86a1e6ed9a254809e956e4ffb6b45581eac7c8f4c8ceee40ae402f",
  "pins" : [
    {
      "identity" : "alerttoast",
      "kind" : "remoteSourceControl",
      "location" : "https://github.com/elai950/AlertToast",
      "state" : {
        "revision" : "b39252eacd159904afd7d718bba0afabb87f2f2f",
        "version" : "1.3.9"
      }
    },
    {
      "identity" : "cryptoswift",
      "kind" : "remoteSourceControl",
      "location" : "https://github.com/krzyzanowskim/CryptoSwift",
      "state" : {
        "revision" : "729e01bc9b9dab466ac85f21fb9ee2bc1c61b258",
        "version" : "1.8.4"
      }
    },
    {
      "identity" : "simplekeychain",
      "kind" : "remoteSourceControl",
      "location" : "https://github.com/auth0/SimpleKeychain",
      "state" : {
        "revision" : "776c4a6db74d5c6c143974be91c383680d468630",
        "version" : "1.3.0"
      }
    },
    {
      "identity" : "stellar-ios-mac-sdk",
      "kind" : "remoteSourceControl",
      "location" : "https://github.com/Soneso/stellar-ios-mac-sdk",
      "state" : {
        "revision" : "cfdc2561d31799f63aa139b13fdf0b172f321c4d",
        "version" : "3.2.3"
      }
    },
    {
      "identity" : "stellar-swift-wallet-sdk",
      "kind" : "remoteSourceControl",
      "location" : "https://github.com/Soneso/stellar-swift-wallet-sdk",
      "state" : {
        "revision" : "25e52aac302008dc2a2a0bd583d62cdd1203d7d9",
        "version" : "0.6.6"
      }
    }
  ],
  "version" : 3
}
