// !$*UTF8*$!
{
	archiveVersion = 1;
	classes = {
	};
	objectVersion = 56;
	objects = {

/* Begin PBXBuildFile section */
		8304E7BA2E391B9300D31614 /* NewTransferView.swift in Sources */ = {isa = PBXBuildFile; fileRef = 8304E7B92E391B9300D31614 /* NewTransferView.swift */; };
		8304E7BC2E391BA400D31614 /* TransferHistoryView.swift in Sources */ = {isa = PBXBuildFile; fileRef = 8304E7BB2E391BA400D31614 /* TransferHistoryView.swift */; };
		837397D42E0D55E10032FDAA /* SwiftBasicPayApp.swift in Sources */ = {isa = PBXBuildFile; fileRef = 837397D32E0D55E10032FDAA /* SwiftBasicPayApp.swift */; };
		837397D62E0D55E10032FDAA /* ContentView.swift in Sources */ = {isa = PBXBuildFile; fileRef = 837397D52E0D55E10032FDAA /* ContentView.swift */; };
		837397DA2E0D55E20032FDAA /* Assets.xcassets in Resources */ = {isa = PBXBuildFile; fileRef = 837397D92E0D55E20032FDAA /* Assets.xcassets */; };
		837397DD2E0D55E20032FDAA /* Preview Assets.xcassets in Resources */ = {isa = PBXBuildFile; fileRef = 837397DC2E0D55E20032FDAA /* Preview Assets.xcassets */; };
		837397E52E0D653E0032FDAA /* stellar-wallet-sdk in Frameworks */ = {isa = PBXBuildFile; productRef = 837397E42E0D653E0032FDAA /* stellar-wallet-sdk */; };
		837397E92E0D67B70032FDAA /* Dashboard.swift in Sources */ = {isa = PBXBuildFile; fileRef = 837397E82E0D67B70032FDAA /* Dashboard.swift */; };
		837397EB2E0D685C0032FDAA /* AuthView.swift in Sources */ = {isa = PBXBuildFile; fileRef = 837397EA2E0D685C0032FDAA /* AuthView.swift */; };
		837397EE2E0D6A3F0032FDAA /* AuthService.swift in Sources */ = {isa = PBXBuildFile; fileRef = 837397ED2E0D6A3F0032FDAA /* AuthService.swift */; };
		837397F02E0D6A830032FDAA /* SecureStorage.swift in Sources */ = {isa = PBXBuildFile; fileRef = 837397EF2E0D6A830032FDAA /* SecureStorage.swift */; };
		837397F32E0D6B660032FDAA /* SimpleKeychain in Frameworks */ = {isa = PBXBuildFile; productRef = 837397F22E0D6B660032FDAA /* SimpleKeychain */; };
		837397F62E0D72B90032FDAA /* CryptoSwift in Frameworks */ = {isa = PBXBuildFile; productRef = 837397F52E0D72B90032FDAA /* CryptoSwift */; };
		837397F82E0D7AEE0032FDAA /* DemoError.swift in Sources */ = {isa = PBXBuildFile; fileRef = 837397F72E0D7AEE0032FDAA /* DemoError.swift */; };
		837397FE2E0E87110032FDAA /* AlertToast in Frameworks */ = {isa = PBXBuildFile; productRef = 837397FD2E0E87110032FDAA /* AlertToast */; };
		837398042E0F29E80032FDAA /* Overview.swift in Sources */ = {isa = PBXBuildFile; fileRef = 837398032E0F29E80032FDAA /* Overview.swift */; };
		837398062E0F2A800032FDAA /* PaymentsView.swift in Sources */ = {isa = PBXBuildFile; fileRef = 837398052E0F2A800032FDAA /* PaymentsView.swift */; };
		837398082E0F2AE50032FDAA /* AssetsView.swift in Sources */ = {isa = PBXBuildFile; fileRef = 837398072E0F2AE50032FDAA /* AssetsView.swift */; };
		8373980A2E0F2B2C0032FDAA /* TransfersView.swift in Sources */ = {isa = PBXBuildFile; fileRef = 837398092E0F2B2C0032FDAA /* TransfersView.swift */; };
		8373980C2E0F2B9B0032FDAA /* KycView.swift in Sources */ = {isa = PBXBuildFile; fileRef = 8373980B2E0F2B9B0032FDAA /* KycView.swift */; };
		8373980E2E0F2BD90032FDAA /* ContactsView.swift in Sources */ = {isa = PBXBuildFile; fileRef = 8373980D2E0F2BD90032FDAA /* ContactsView.swift */; };
		837398122E1000D90032FDAA /* Utils.swift in Sources */ = {isa = PBXBuildFile; fileRef = 837398112E1000D90032FDAA /* Utils.swift */; };
		837398142E10047A0032FDAA /* StellarService.swift in Sources */ = {isa = PBXBuildFile; fileRef = 837398132E10047A0032FDAA /* StellarService.swift */; };
		837398162E129CF20032FDAA /* SettingsView.swift in Sources */ = {isa = PBXBuildFile; fileRef = 837398152E129CF20032FDAA /* SettingsView.swift */; };
		8376983B2E269C1400867095 /* AssetsFetcher.swift in Sources */ = {isa = PBXBuildFile; fileRef = 8376983A2E269C1400867095 /* AssetsFetcher.swift */; };
		83F5B2C92E2FC4E200920FF1 /* DashboardData.swift in Sources */ = {isa = PBXBuildFile; fileRef = 83F5B2C82E2FC4E200920FF1 /* DashboardData.swift */; };
		83F5B2CC2E30342600920FF1 /* RecentPaymentsBox.swift in Sources */ = {isa = PBXBuildFile; fileRef = 83F5B2CB2E30342600920FF1 /* RecentPaymentsBox.swift */; };
		83F5B2CE2E30C6B100920FF1 /* BalancesBox.swift in Sources */ = {isa = PBXBuildFile; fileRef = 83F5B2CD2E30C6B100920FF1 /* BalancesBox.swift */; };
		83F5B2D02E30CD5400920FF1 /* SendPaymentBox.swift in Sources */ = {isa = PBXBuildFile; fileRef = 83F5B2CF2E30CD5400920FF1 /* SendPaymentBox.swift */; };
		83F5B2D22E30D48E00920FF1 /* SendPathPaymentBox.swift in Sources */ = {isa = PBXBuildFile; fileRef = 83F5B2D12E30D48E00920FF1 /* SendPathPaymentBox.swift */; };
		83F5B3242E32848900920FF1 /* README.md in Resources */ = {isa = PBXBuildFile; fileRef = 83F5B2D42E32848800920FF1 /* README.md */; };
		83F5B3252E32848900920FF1 /* anchor_integration.md in Resources */ = {isa = PBXBuildFile; fileRef = 83F5B2D52E32848800920FF1 /* anchor_integration.md */; };
		83F5B3262E32848900920FF1 /* account_creation.md in Resources */ = {isa = PBXBuildFile; fileRef = 83F5B2D62E32848800920FF1 /* account_creation.md */; };
		83F5B3282E32848900920FF1 /* payment.md in Resources */ = {isa = PBXBuildFile; fileRef = 83F5B2D82E32848800920FF1 /* payment.md */; };
		83F5B3292E32848900920FF1 /* secure_data_storage.md in Resources */ = {isa = PBXBuildFile; fileRef = 83F5B2D92E32848800920FF1 /* secure_data_storage.md */; };
		83F5B32A2E32848900920FF1 /* signup_and_sign_in.md in Resources */ = {isa = PBXBuildFile; fileRef = 83F5B2DA2E32848800920FF1 /* signup_and_sign_in.md */; };
		83F5B32B2E32848900920FF1 /* dashboard_data.md in Resources */ = {isa = PBXBuildFile; fileRef = 83F5B2DB2E32848800920FF1 /* dashboard_data.md */; };
		83F5B32C2E32848900920FF1 /* path_payment.md in Resources */ = {isa = PBXBuildFile; fileRef = 83F5B2DC2E32848900920FF1 /* path_payment.md */; };
		83F5B32D2E32848900920FF1 /* account_funded.png in Resources */ = {isa = PBXBuildFile; fileRef = 83F5B2DD2E32848900920FF1 /* account_funded.png */; };
		83F5B32E2E32848900920FF1 /* account_not_funded.png in Resources */ = {isa = PBXBuildFile; fileRef = 83F5B2DE2E32848900920FF1 /* account_not_funded.png */; };
		83F5B33E2E32848900920FF1 /* adding_asset.png in Resources */ = {isa = PBXBuildFile; fileRef = 83F5B2F12E32848900920FF1 /* adding_asset.png */; };
		83F5B33F2E32848900920FF1 /* asset_removed.png in Resources */ = {isa = PBXBuildFile; fileRef = 83F5B2F22E32848900920FF1 /* asset_removed.png */; };
		83F5B3402E32848900920FF1 /* assets_dropdown.png in Resources */ = {isa = PBXBuildFile; fileRef = 83F5B2F32E32848900920FF1 /* assets_dropdown.png */; };
		83F5B3412E32848900920FF1 /* assets_page.png in Resources */ = {isa = PBXBuildFile; fileRef = 83F5B2F42E32848900920FF1 /* assets_page.png */; };
		83F5B3422E32848900920FF1 /* custom_asset_added.png in Resources */ = {isa = PBXBuildFile; fileRef = 83F5B2F52E32848900920FF1 /* custom_asset_added.png */; };
		83F5B3462E32848900920FF1 /* laboratory_create_issuer.png in Resources */ = {isa = PBXBuildFile; fileRef = 83F5B2F92E32848900920FF1 /* laboratory_create_issuer.png */; };
		83F5B3472E32848900920FF1 /* laboratory_send_gold_1.png in Resources */ = {isa = PBXBuildFile; fileRef = 83F5B2FA2E32848900920FF1 /* laboratory_send_gold_1.png */; };
		83F5B3482E32848900920FF1 /* laboratory_send_gold_2.png in Resources */ = {isa = PBXBuildFile; fileRef = 83F5B2FB2E32848900920FF1 /* laboratory_send_gold_2.png */; };
		83F5B3492E32848900920FF1 /* laboratory_send_gold_3.png in Resources */ = {isa = PBXBuildFile; fileRef = 83F5B2FC2E32848900920FF1 /* laboratory_send_gold_3.png */; };
		83F5B34B2E32848900920FF1 /* overview_gold_balance.png in Resources */ = {isa = PBXBuildFile; fileRef = 83F5B2FE2E32848900920FF1 /* overview_gold_balance.png */; };
		83F5B34C2E32848900920FF1 /* overview_srt_added.png in Resources */ = {isa = PBXBuildFile; fileRef = 83F5B2FF2E32848900920FF1 /* overview_srt_added.png */; };
		83F5B34D2E32848900920FF1 /* pin_input.png in Resources */ = {isa = PBXBuildFile; fileRef = 83F5B3002E32848900920FF1 /* pin_input.png */; };
		83F5B34E2E32848900920FF1 /* remove_srt_pin.png in Resources */ = {isa = PBXBuildFile; fileRef = 83F5B3012E32848900920FF1 /* remove_srt_pin.png */; };
		83F5B34F2E32848900920FF1 /* remove_srt_trash.png in Resources */ = {isa = PBXBuildFile; fileRef = 83F5B3022E32848900920FF1 /* remove_srt_trash.png */; };
		83F5B3512E32848900920FF1 /* select_custom_asset.png in Resources */ = {isa = PBXBuildFile; fileRef = 83F5B3042E32848900920FF1 /* select_custom_asset.png */; };
		83F5B3522E32848900920FF1 /* srt_added.png in Resources */ = {isa = PBXBuildFile; fileRef = 83F5B3052E32848900920FF1 /* srt_added.png */; };
		83F5B3542E32848900920FF1 /* add_james_contact.png in Resources */ = {isa = PBXBuildFile; fileRef = 83F5B3082E32848900920FF1 /* add_james_contact.png */; };
		83F5B3552E32848900920FF1 /* create_copper_offer.png in Resources */ = {isa = PBXBuildFile; fileRef = 83F5B3092E32848900920FF1 /* create_copper_offer.png */; };
		83F5B3562E32848900920FF1 /* create_james_account.png in Resources */ = {isa = PBXBuildFile; fileRef = 83F5B30A2E32848900920FF1 /* create_james_account.png */; };
		83F5B3572E32848900920FF1 /* create_silver_offer.png in Resources */ = {isa = PBXBuildFile; fileRef = 83F5B30B2E32848900920FF1 /* create_silver_offer.png */; };
		83F5B3582E32848900920FF1 /* dropdown_james.png in Resources */ = {isa = PBXBuildFile; fileRef = 83F5B30C2E32848900920FF1 /* dropdown_james.png */; };
		83F5B3592E32848900920FF1 /* issuer_sends_copper_and_silver.png in Resources */ = {isa = PBXBuildFile; fileRef = 83F5B30D2E32848900920FF1 /* issuer_sends_copper_and_silver.png */; };
		83F5B35A2E32848900920FF1 /* james_trust_silver_1.png in Resources */ = {isa = PBXBuildFile; fileRef = 83F5B30E2E32848900920FF1 /* james_trust_silver_1.png */; };
		83F5B35B2E32848900920FF1 /* james_trust_silver_2.png in Resources */ = {isa = PBXBuildFile; fileRef = 83F5B30F2E32848900920FF1 /* james_trust_silver_2.png */; };
		83F5B35C2E32848900920FF1 /* path_payment_strict_receive_start.png in Resources */ = {isa = PBXBuildFile; fileRef = 83F5B3102E32848900920FF1 /* path_payment_strict_receive_start.png */; };
		83F5B35D2E32848900920FF1 /* path_payment_strict_send_start.png in Resources */ = {isa = PBXBuildFile; fileRef = 83F5B3112E32848900920FF1 /* path_payment_strict_send_start.png */; };
		83F5B35E2E32848900920FF1 /* recent_payments_strict_received.png in Resources */ = {isa = PBXBuildFile; fileRef = 83F5B3122E32848900920FF1 /* recent_payments_strict_received.png */; };
		83F5B35F2E32848900920FF1 /* recent_payments_updated.png in Resources */ = {isa = PBXBuildFile; fileRef = 83F5B3132E32848900920FF1 /* recent_payments_updated.png */; };
		83F5B3602E32848900920FF1 /* select_send_gold.png in Resources */ = {isa = PBXBuildFile; fileRef = 83F5B3142E32848900920FF1 /* select_send_gold.png */; };
		83F5B3612E32848900920FF1 /* show_strict_send_path.png in Resources */ = {isa = PBXBuildFile; fileRef = 83F5B3152E32848900920FF1 /* show_strict_send_path.png */; };
		83F5B3642E32848900920FF1 /* simple_payment.png in Resources */ = {isa = PBXBuildFile; fileRef = 83F5B3182E32848900920FF1 /* simple_payment.png */; };
		83F5B3652E32848900920FF1 /* strict_receive_path.png in Resources */ = {isa = PBXBuildFile; fileRef = 83F5B3192E32848900920FF1 /* strict_receive_path.png */; };
		83F5B3662E32848900920FF1 /* strict_receive_silver.png in Resources */ = {isa = PBXBuildFile; fileRef = 83F5B31A2E32848900920FF1 /* strict_receive_silver.png */; };
		83F5B3672E32848900920FF1 /* switched_2_path_payments.png in Resources */ = {isa = PBXBuildFile; fileRef = 83F5B31B2E32848900920FF1 /* switched_2_path_payments.png */; };
		83F5B3682E32848900920FF1 /* trader_1_change_trust.png in Resources */ = {isa = PBXBuildFile; fileRef = 83F5B31C2E32848900920FF1 /* trader_1_change_trust.png */; };
		83F5B3692E32848900920FF1 /* trader_2_change_trust.png in Resources */ = {isa = PBXBuildFile; fileRef = 83F5B31D2E32848900920FF1 /* trader_2_change_trust.png */; };
		83F5B36A2E32848900920FF1 /* sign_in_ui.png in Resources */ = {isa = PBXBuildFile; fileRef = 83F5B31F2E32848900920FF1 /* sign_in_ui.png */; };
		83F5B36B2E32848900920FF1 /* signup-keys.png in Resources */ = {isa = PBXBuildFile; fileRef = 83F5B3202E32848900920FF1 /* signup-keys.png */; };
		83F5B36C2E32848900920FF1 /* authentication.md in Resources */ = {isa = PBXBuildFile; fileRef = 83F5B3222E32848900920FF1 /* authentication.md */; };
		83F5B36D2E32848900920FF1 /* manage_trust.md in Resources */ = {isa = PBXBuildFile; fileRef = 83F5B3232E32848900920FF1 /* manage_trust.md */; };
		83F5B3702E33988A00920FF1 /* custom_asset_form.png in Resources */ = {isa = PBXBuildFile; fileRef = 83F5B36E2E33988A00920FF1 /* custom_asset_form.png */; };
		83F5B3712E33988A00920FF1 /* my_data_box.png in Resources */ = {isa = PBXBuildFile; fileRef = 83F5B36F2E33988A00920FF1 /* my_data_box.png */; };
		83F5B3742E37B9E300920FF1 /* stellar-wallet-sdk in Frameworks */ = {isa = PBXBuildFile; productRef = 83F5B3732E37B9E300920FF1 /* stellar-wallet-sdk */; };
		83F632392E1411C800C5A38E /* PinSheet.swift in Sources */ = {isa = PBXBuildFile; fileRef = 83F632382E1411C800C5A38E /* PinSheet.swift */; };
/* End PBXBuildFile section */

/* Begin PBXFileReference section */
		8304E7B92E391B9300D31614 /* NewTransferView.swift */ = {isa = PBXFileReference; lastKnownFileType = sourcecode.swift; path = NewTransferView.swift; sourceTree = "<group>"; };
		8304E7BB2E391BA400D31614 /* TransferHistoryView.swift */ = {isa = PBXFileReference; lastKnownFileType = sourcecode.swift; path = TransferHistoryView.swift; sourceTree = "<group>"; };
		837397D02E0D55E10032FDAA /* SwiftBasicPay.app */ = {isa = PBXFileReference; explicitFileType = wrapper.application; includeInIndex = 0; path = SwiftBasicPay.app; sourceTree = BUILT_PRODUCTS_DIR; };
		837397D32E0D55E10032FDAA /* SwiftBasicPayApp.swift */ = {isa = PBXFileReference; lastKnownFileType = sourcecode.swift; path = SwiftBasicPayApp.swift; sourceTree = "<group>"; };
		837397D52E0D55E10032FDAA /* ContentView.swift */ = {isa = PBXFileReference; lastKnownFileType = sourcecode.swift; path = ContentView.swift; sourceTree = "<group>"; };
		837397D92E0D55E20032FDAA /* Assets.xcassets */ = {isa = PBXFileReference; lastKnownFileType = folder.assetcatalog; path = Assets.xcassets; sourceTree = "<group>"; };
		837397DC2E0D55E20032FDAA /* Preview Assets.xcassets */ = {isa = PBXFileReference; lastKnownFileType = folder.assetcatalog; path = "Preview Assets.xcassets"; sourceTree = "<group>"; };
		837397E82E0D67B70032FDAA /* Dashboard.swift */ = {isa = PBXFileReference; lastKnownFileType = sourcecode.swift; path = Dashboard.swift; sourceTree = "<group>"; };
		837397EA2E0D685C0032FDAA /* AuthView.swift */ = {isa = PBXFileReference; lastKnownFileType = sourcecode.swift; path = AuthView.swift; sourceTree = "<group>"; };
		837397ED2E0D6A3F0032FDAA /* AuthService.swift */ = {isa = PBXFileReference; lastKnownFileType = sourcecode.swift; path = AuthService.swift; sourceTree = "<group>"; };
		837397EF2E0D6A830032FDAA /* SecureStorage.swift */ = {isa = PBXFileReference; lastKnownFileType = sourcecode.swift; path = SecureStorage.swift; sourceTree = "<group>"; };
		837397F72E0D7AEE0032FDAA /* DemoError.swift */ = {isa = PBXFileReference; lastKnownFileType = sourcecode.swift; path = DemoError.swift; sourceTree = "<group>"; };
		837398032E0F29E80032FDAA /* Overview.swift */ = {isa = PBXFileReference; lastKnownFileType = sourcecode.swift; path = Overview.swift; sourceTree = "<group>"; };
		837398052E0F2A800032FDAA /* PaymentsView.swift */ = {isa = PBXFileReference; lastKnownFileType = sourcecode.swift; path = PaymentsView.swift; sourceTree = "<group>"; };
		837398072E0F2AE50032FDAA /* AssetsView.swift */ = {isa = PBXFileReference; lastKnownFileType = sourcecode.swift; path = AssetsView.swift; sourceTree = "<group>"; };
		837398092E0F2B2C0032FDAA /* TransfersView.swift */ = {isa = PBXFileReference; lastKnownFileType = sourcecode.swift; path = TransfersView.swift; sourceTree = "<group>"; };
		8373980B2E0F2B9B0032FDAA /* KycView.swift */ = {isa = PBXFileReference; lastKnownFileType = sourcecode.swift; path = KycView.swift; sourceTree = "<group>"; };
		8373980D2E0F2BD90032FDAA /* ContactsView.swift */ = {isa = PBXFileReference; lastKnownFileType = sourcecode.swift; path = ContactsView.swift; sourceTree = "<group>"; };
		837398112E1000D90032FDAA /* Utils.swift */ = {isa = PBXFileReference; lastKnownFileType = sourcecode.swift; path = Utils.swift; sourceTree = "<group>"; };
		837398132E10047A0032FDAA /* StellarService.swift */ = {isa = PBXFileReference; lastKnownFileType = sourcecode.swift; path = StellarService.swift; sourceTree = "<group>"; };
		837398152E129CF20032FDAA /* SettingsView.swift */ = {isa = PBXFileReference; lastKnownFileType = sourcecode.swift; path = SettingsView.swift; sourceTree = "<group>"; };
		8376983A2E269C1400867095 /* AssetsFetcher.swift */ = {isa = PBXFileReference; lastKnownFileType = sourcecode.swift; path = AssetsFetcher.swift; sourceTree = "<group>"; };
		83F5B2C82E2FC4E200920FF1 /* DashboardData.swift */ = {isa = PBXFileReference; lastKnownFileType = sourcecode.swift; path = DashboardData.swift; sourceTree = "<group>"; };
		83F5B2CB2E30342600920FF1 /* RecentPaymentsBox.swift */ = {isa = PBXFileReference; lastKnownFileType = sourcecode.swift; path = RecentPaymentsBox.swift; sourceTree = "<group>"; };
		83F5B2CD2E30C6B100920FF1 /* BalancesBox.swift */ = {isa = PBXFileReference; lastKnownFileType = sourcecode.swift; path = BalancesBox.swift; sourceTree = "<group>"; };
		83F5B2CF2E30CD5400920FF1 /* SendPaymentBox.swift */ = {isa = PBXFileReference; lastKnownFileType = sourcecode.swift; path = SendPaymentBox.swift; sourceTree = "<group>"; };
		83F5B2D12E30D48E00920FF1 /* SendPathPaymentBox.swift */ = {isa = PBXFileReference; lastKnownFileType = sourcecode.swift; path = SendPathPaymentBox.swift; sourceTree = "<group>"; };
		83F5B2D42E32848800920FF1 /* README.md */ = {isa = PBXFileReference; fileEncoding = 4; lastKnownFileType = net.daringfireball.markdown; path = README.md; sourceTree = "<group>"; };
		83F5B2D52E32848800920FF1 /* anchor_integration.md */ = {isa = PBXFileReference; fileEncoding = 4; lastKnownFileType = net.daringfireball.markdown; path = anchor_integration.md; sourceTree = "<group>"; };
		83F5B2D62E32848800920FF1 /* account_creation.md */ = {isa = PBXFileReference; fileEncoding = 4; lastKnownFileType = net.daringfireball.markdown; path = account_creation.md; sourceTree = "<group>"; };
		83F5B2D82E32848800920FF1 /* payment.md */ = {isa = PBXFileReference; fileEncoding = 4; lastKnownFileType = net.daringfireball.markdown; path = payment.md; sourceTree = "<group>"; };
		83F5B2D92E32848800920FF1 /* secure_data_storage.md */ = {isa = PBXFileReference; fileEncoding = 4; lastKnownFileType = net.daringfireball.markdown; path = secure_data_storage.md; sourceTree = "<group>"; };
		83F5B2DA2E32848800920FF1 /* signup_and_sign_in.md */ = {isa = PBXFileReference; fileEncoding = 4; lastKnownFileType = net.daringfireball.markdown; path = signup_and_sign_in.md; sourceTree = "<group>"; };
		83F5B2DB2E32848800920FF1 /* dashboard_data.md */ = {isa = PBXFileReference; fileEncoding = 4; lastKnownFileType = net.daringfireball.markdown; path = dashboard_data.md; sourceTree = "<group>"; };
		83F5B2DC2E32848900920FF1 /* path_payment.md */ = {isa = PBXFileReference; fileEncoding = 4; lastKnownFileType = net.daringfireball.markdown; path = path_payment.md; sourceTree = "<group>"; };
		83F5B2DD2E32848900920FF1 /* account_funded.png */ = {isa = PBXFileReference; lastKnownFileType = image.png; path = account_funded.png; sourceTree = "<group>"; };
		83F5B2DE2E32848900920FF1 /* account_not_funded.png */ = {isa = PBXFileReference; lastKnownFileType = image.png; path = account_not_funded.png; sourceTree = "<group>"; };
		83F5B2F12E32848900920FF1 /* adding_asset.png */ = {isa = PBXFileReference; lastKnownFileType = image.png; path = adding_asset.png; sourceTree = "<group>"; };
		83F5B2F22E32848900920FF1 /* asset_removed.png */ = {isa = PBXFileReference; lastKnownFileType = image.png; path = asset_removed.png; sourceTree = "<group>"; };
		83F5B2F32E32848900920FF1 /* assets_dropdown.png */ = {isa = PBXFileReference; lastKnownFileType = image.png; path = assets_dropdown.png; sourceTree = "<group>"; };
		83F5B2F42E32848900920FF1 /* assets_page.png */ = {isa = PBXFileReference; lastKnownFileType = image.png; path = assets_page.png; sourceTree = "<group>"; };
		83F5B2F52E32848900920FF1 /* custom_asset_added.png */ = {isa = PBXFileReference; lastKnownFileType = image.png; path = custom_asset_added.png; sourceTree = "<group>"; };
		83F5B2F92E32848900920FF1 /* laboratory_create_issuer.png */ = {isa = PBXFileReference; lastKnownFileType = image.png; path = laboratory_create_issuer.png; sourceTree = "<group>"; };
		83F5B2FA2E32848900920FF1 /* laboratory_send_gold_1.png */ = {isa = PBXFileReference; lastKnownFileType = image.png; path = laboratory_send_gold_1.png; sourceTree = "<group>"; };
		83F5B2FB2E32848900920FF1 /* laboratory_send_gold_2.png */ = {isa = PBXFileReference; lastKnownFileType = image.png; path = laboratory_send_gold_2.png; sourceTree = "<group>"; };
		83F5B2FC2E32848900920FF1 /* laboratory_send_gold_3.png */ = {isa = PBXFileReference; lastKnownFileType = image.png; path = laboratory_send_gold_3.png; sourceTree = "<group>"; };
		83F5B2FE2E32848900920FF1 /* overview_gold_balance.png */ = {isa = PBXFileReference; lastKnownFileType = image.png; path = overview_gold_balance.png; sourceTree = "<group>"; };
		83F5B2FF2E32848900920FF1 /* overview_srt_added.png */ = {isa = PBXFileReference; lastKnownFileType = image.png; path = overview_srt_added.png; sourceTree = "<group>"; };
		83F5B3002E32848900920FF1 /* pin_input.png */ = {isa = PBXFileReference; lastKnownFileType = image.png; path = pin_input.png; sourceTree = "<group>"; };
		83F5B3012E32848900920FF1 /* remove_srt_pin.png */ = {isa = PBXFileReference; lastKnownFileType = image.png; path = remove_srt_pin.png; sourceTree = "<group>"; };
		83F5B3022E32848900920FF1 /* remove_srt_trash.png */ = {isa = PBXFileReference; lastKnownFileType = image.png; path = remove_srt_trash.png; sourceTree = "<group>"; };
		83F5B3042E32848900920FF1 /* select_custom_asset.png */ = {isa = PBXFileReference; lastKnownFileType = image.png; path = select_custom_asset.png; sourceTree = "<group>"; };
		83F5B3052E32848900920FF1 /* srt_added.png */ = {isa = PBXFileReference; lastKnownFileType = image.png; path = srt_added.png; sourceTree = "<group>"; };
		83F5B3082E32848900920FF1 /* add_james_contact.png */ = {isa = PBXFileReference; lastKnownFileType = image.png; path = add_james_contact.png; sourceTree = "<group>"; };
		83F5B3092E32848900920FF1 /* create_copper_offer.png */ = {isa = PBXFileReference; lastKnownFileType = image.png; path = create_copper_offer.png; sourceTree = "<group>"; };
		83F5B30A2E32848900920FF1 /* create_james_account.png */ = {isa = PBXFileReference; lastKnownFileType = image.png; path = create_james_account.png; sourceTree = "<group>"; };
		83F5B30B2E32848900920FF1 /* create_silver_offer.png */ = {isa = PBXFileReference; lastKnownFileType = image.png; path = create_silver_offer.png; sourceTree = "<group>"; };
		83F5B30C2E32848900920FF1 /* dropdown_james.png */ = {isa = PBXFileReference; lastKnownFileType = image.png; path = dropdown_james.png; sourceTree = "<group>"; };
		83F5B30D2E32848900920FF1 /* issuer_sends_copper_and_silver.png */ = {isa = PBXFileReference; lastKnownFileType = image.png; path = issuer_sends_copper_and_silver.png; sourceTree = "<group>"; };
		83F5B30E2E32848900920FF1 /* james_trust_silver_1.png */ = {isa = PBXFileReference; lastKnownFileType = image.png; path = james_trust_silver_1.png; sourceTree = "<group>"; };
		83F5B30F2E32848900920FF1 /* james_trust_silver_2.png */ = {isa = PBXFileReference; lastKnownFileType = image.png; path = james_trust_silver_2.png; sourceTree = "<group>"; };
		83F5B3102E32848900920FF1 /* path_payment_strict_receive_start.png */ = {isa = PBXFileReference; lastKnownFileType = image.png; path = path_payment_strict_receive_start.png; sourceTree = "<group>"; };
		83F5B3112E32848900920FF1 /* path_payment_strict_send_start.png */ = {isa = PBXFileReference; lastKnownFileType = image.png; path = path_payment_strict_send_start.png; sourceTree = "<group>"; };
		83F5B3122E32848900920FF1 /* recent_payments_strict_received.png */ = {isa = PBXFileReference; lastKnownFileType = image.png; path = recent_payments_strict_received.png; sourceTree = "<group>"; };
		83F5B3132E32848900920FF1 /* recent_payments_updated.png */ = {isa = PBXFileReference; lastKnownFileType = image.png; path = recent_payments_updated.png; sourceTree = "<group>"; };
		83F5B3142E32848900920FF1 /* select_send_gold.png */ = {isa = PBXFileReference; lastKnownFileType = image.png; path = select_send_gold.png; sourceTree = "<group>"; };
		83F5B3152E32848900920FF1 /* show_strict_send_path.png */ = {isa = PBXFileReference; lastKnownFileType = image.png; path = show_strict_send_path.png; sourceTree = "<group>"; };
		83F5B3182E32848900920FF1 /* simple_payment.png */ = {isa = PBXFileReference; lastKnownFileType = image.png; path = simple_payment.png; sourceTree = "<group>"; };
		83F5B3192E32848900920FF1 /* strict_receive_path.png */ = {isa = PBXFileReference; lastKnownFileType = image.png; path = strict_receive_path.png; sourceTree = "<group>"; };
		83F5B31A2E32848900920FF1 /* strict_receive_silver.png */ = {isa = PBXFileReference; lastKnownFileType = image.png; path = strict_receive_silver.png; sourceTree = "<group>"; };
		83F5B31B2E32848900920FF1 /* switched_2_path_payments.png */ = {isa = PBXFileReference; lastKnownFileType = image.png; path = switched_2_path_payments.png; sourceTree = "<group>"; };
		83F5B31C2E32848900920FF1 /* trader_1_change_trust.png */ = {isa = PBXFileReference; lastKnownFileType = image.png; path = trader_1_change_trust.png; sourceTree = "<group>"; };
		83F5B31D2E32848900920FF1 /* trader_2_change_trust.png */ = {isa = PBXFileReference; lastKnownFileType = image.png; path = trader_2_change_trust.png; sourceTree = "<group>"; };
		83F5B31F2E32848900920FF1 /* sign_in_ui.png */ = {isa = PBXFileReference; lastKnownFileType = image.png; path = sign_in_ui.png; sourceTree = "<group>"; };
		83F5B3202E32848900920FF1 /* signup-keys.png */ = {isa = PBXFileReference; lastKnownFileType = image.png; path = "signup-keys.png"; sourceTree = "<group>"; };
		83F5B3222E32848900920FF1 /* authentication.md */ = {isa = PBXFileReference; fileEncoding = 4; lastKnownFileType = net.daringfireball.markdown; path = authentication.md; sourceTree = "<group>"; };
		83F5B3232E32848900920FF1 /* manage_trust.md */ = {isa = PBXFileReference; fileEncoding = 4; lastKnownFileType = net.daringfireball.markdown; path = manage_trust.md; sourceTree = "<group>"; };
		83F5B36E2E33988A00920FF1 /* custom_asset_form.png */ = {isa = PBXFileReference; lastKnownFileType = image.png; path = custom_asset_form.png; sourceTree = "<group>"; };
		83F5B36F2E33988A00920FF1 /* my_data_box.png */ = {isa = PBXFileReference; lastKnownFileType = image.png; path = my_data_box.png; sourceTree = "<group>"; };
		83F632382E1411C800C5A38E /* PinSheet.swift */ = {isa = PBXFileReference; lastKnownFileType = sourcecode.swift; path = PinSheet.swift; sourceTree = "<group>"; };
/* End PBXFileReference section */

/* Begin PBXFrameworksBuildPhase section */
		837397CD2E0D55E10032FDAA /* Frameworks */ = {
			isa = PBXFrameworksBuildPhase;
			buildActionMask = 2147483647;
			files = (
				837397F32E0D6B660032FDAA /* SimpleKeychain in Frameworks */,
				837397FE2E0E87110032FDAA /* AlertToast in Frameworks */,
				83F5B3742E37B9E300920FF1 /* stellar-wallet-sdk in Frameworks */,
				837397E52E0D653E0032FDAA /* stellar-wallet-sdk in Frameworks */,
				837397F62E0D72B90032FDAA /* CryptoSwift in Frameworks */,
			);
			runOnlyForDeploymentPostprocessing = 0;
		};
/* End PBXFrameworksBuildPhase section */

/* Begin PBXGroup section */
		837397C72E0D55E10032FDAA = {
			isa = PBXGroup;
			children = (
				83F5B2D32E324EF500920FF1 /* tutorial */,
				837397D22E0D55E10032FDAA /* SwiftBasicPay */,
				837397D12E0D55E10032FDAA /* Products */,
			);
			sourceTree = "<group>";
		};
		837397D12E0D55E10032FDAA /* Products */ = {
			isa = PBXGroup;
			children = (
				837397D02E0D55E10032FDAA /* SwiftBasicPay.app */,
			);
			name = Products;
			sourceTree = "<group>";
		};
		837397D22E0D55E10032FDAA /* SwiftBasicPay */ = {
			isa = PBXGroup;
			children = (
				83F5B2C72E2FC49E00920FF1 /* Model */,
				83F5B2CA2E301AE000920FF1 /* View */,
				837397F92E0D8FD00032FDAA /* common */,
				837397EC2E0D6A270032FDAA /* services */,
				837397D32E0D55E10032FDAA /* SwiftBasicPayApp.swift */,
				837397D92E0D55E20032FDAA /* Assets.xcassets */,
				837397DB2E0D55E20032FDAA /* Preview Content */,
			);
			path = SwiftBasicPay;
			sourceTree = "<group>";
		};
		837397DB2E0D55E20032FDAA /* Preview Content */ = {
			isa = PBXGroup;
			children = (
				837397DC2E0D55E20032FDAA /* Preview Assets.xcassets */,
			);
			path = "Preview Content";
			sourceTree = "<group>";
		};
		837397EC2E0D6A270032FDAA /* services */ = {
			isa = PBXGroup;
			children = (
				837397ED2E0D6A3F0032FDAA /* AuthService.swift */,
				837397EF2E0D6A830032FDAA /* SecureStorage.swift */,
				837398132E10047A0032FDAA /* StellarService.swift */,
			);
			path = services;
			sourceTree = "<group>";
		};
		837397F92E0D8FD00032FDAA /* common */ = {
			isa = PBXGroup;
			children = (
				837398112E1000D90032FDAA /* Utils.swift */,
				8376983A2E269C1400867095 /* AssetsFetcher.swift */,
				837397F72E0D7AEE0032FDAA /* DemoError.swift */,
			);
			path = common;
			sourceTree = "<group>";
		};
		83F5B2C72E2FC49E00920FF1 /* Model */ = {
			isa = PBXGroup;
			children = (
				83F5B2C82E2FC4E200920FF1 /* DashboardData.swift */,
			);
			path = Model;
			sourceTree = "<group>";
		};
		83F5B2CA2E301AE000920FF1 /* View */ = {
			isa = PBXGroup;
			children = (
				837397D52E0D55E10032FDAA /* ContentView.swift */,
				837397E82E0D67B70032FDAA /* Dashboard.swift */,
				837397EA2E0D685C0032FDAA /* AuthView.swift */,
				837398032E0F29E80032FDAA /* Overview.swift */,
				837398072E0F2AE50032FDAA /* AssetsView.swift */,
				837398052E0F2A800032FDAA /* PaymentsView.swift */,
				83F5B2CF2E30CD5400920FF1 /* SendPaymentBox.swift */,
				83F5B2D12E30D48E00920FF1 /* SendPathPaymentBox.swift */,
				8373980D2E0F2BD90032FDAA /* ContactsView.swift */,
				837398092E0F2B2C0032FDAA /* TransfersView.swift */,
				8373980B2E0F2B9B0032FDAA /* KycView.swift */,
				837398152E129CF20032FDAA /* SettingsView.swift */,
				83F632382E1411C800C5A38E /* PinSheet.swift */,
				83F5B2CB2E30342600920FF1 /* RecentPaymentsBox.swift */,
				83F5B2CD2E30C6B100920FF1 /* BalancesBox.swift */,
				8304E7B92E391B9300D31614 /* NewTransferView.swift */,
				8304E7BB2E391BA400D31614 /* TransferHistoryView.swift */,
			);
			path = View;
			sourceTree = "<group>";
		};
		83F5B2D32E324EF500920FF1 /* tutorial */ = {
			isa = PBXGroup;
			children = (
				83F5B2D62E32848800920FF1 /* account_creation.md */,
				83F5B2D52E32848800920FF1 /* anchor_integration.md */,
				83F5B3222E32848900920FF1 /* authentication.md */,
				83F5B2DB2E32848800920FF1 /* dashboard_data.md */,
				83F5B3212E32848900920FF1 /* img */,
				83F5B3232E32848900920FF1 /* manage_trust.md */,
				83F5B2DC2E32848900920FF1 /* path_payment.md */,
				83F5B2D82E32848800920FF1 /* payment.md */,
				83F5B2D42E32848800920FF1 /* README.md */,
				83F5B2D92E32848800920FF1 /* secure_data_storage.md */,
				83F5B2DA2E32848800920FF1 /* signup_and_sign_in.md */,
			);
			path = tutorial;
			sourceTree = "<group>";
		};
		83F5B2DF2E32848900920FF1 /* account_creation */ = {
			isa = PBXGroup;
			children = (
				83F5B2DD2E32848900920FF1 /* account_funded.png */,
				83F5B2DE2E32848900920FF1 /* account_not_funded.png */,
			);
			path = account_creation;
			sourceTree = "<group>";
		};
		83F5B3062E32848900920FF1 /* manage_trust */ = {
			isa = PBXGroup;
			children = (
				83F5B36E2E33988A00920FF1 /* custom_asset_form.png */,
				83F5B36F2E33988A00920FF1 /* my_data_box.png */,
				83F5B2F12E32848900920FF1 /* adding_asset.png */,
				83F5B2F22E32848900920FF1 /* asset_removed.png */,
				83F5B2F32E32848900920FF1 /* assets_dropdown.png */,
				83F5B2F42E32848900920FF1 /* assets_page.png */,
				83F5B2F52E32848900920FF1 /* custom_asset_added.png */,
				83F5B2F92E32848900920FF1 /* laboratory_create_issuer.png */,
				83F5B2FA2E32848900920FF1 /* laboratory_send_gold_1.png */,
				83F5B2FB2E32848900920FF1 /* laboratory_send_gold_2.png */,
				83F5B2FC2E32848900920FF1 /* laboratory_send_gold_3.png */,
				83F5B2FE2E32848900920FF1 /* overview_gold_balance.png */,
				83F5B2FF2E32848900920FF1 /* overview_srt_added.png */,
				83F5B3002E32848900920FF1 /* pin_input.png */,
				83F5B3012E32848900920FF1 /* remove_srt_pin.png */,
				83F5B3022E32848900920FF1 /* remove_srt_trash.png */,
				83F5B3042E32848900920FF1 /* select_custom_asset.png */,
				83F5B3052E32848900920FF1 /* srt_added.png */,
			);
			path = manage_trust;
			sourceTree = "<group>";
		};
		83F5B31E2E32848900920FF1 /* payment */ = {
			isa = PBXGroup;
			children = (
				83F5B3082E32848900920FF1 /* add_james_contact.png */,
				83F5B3092E32848900920FF1 /* create_copper_offer.png */,
				83F5B30A2E32848900920FF1 /* create_james_account.png */,
				83F5B30B2E32848900920FF1 /* create_silver_offer.png */,
				83F5B30C2E32848900920FF1 /* dropdown_james.png */,
				83F5B30D2E32848900920FF1 /* issuer_sends_copper_and_silver.png */,
				83F5B30E2E32848900920FF1 /* james_trust_silver_1.png */,
				83F5B30F2E32848900920FF1 /* james_trust_silver_2.png */,
				83F5B3102E32848900920FF1 /* path_payment_strict_receive_start.png */,
				83F5B3112E32848900920FF1 /* path_payment_strict_send_start.png */,
				83F5B3122E32848900920FF1 /* recent_payments_strict_received.png */,
				83F5B3132E32848900920FF1 /* recent_payments_updated.png */,
				83F5B3142E32848900920FF1 /* select_send_gold.png */,
				83F5B3152E32848900920FF1 /* show_strict_send_path.png */,
				83F5B3182E32848900920FF1 /* simple_payment.png */,
				83F5B3192E32848900920FF1 /* strict_receive_path.png */,
				83F5B31A2E32848900920FF1 /* strict_receive_silver.png */,
				83F5B31B2E32848900920FF1 /* switched_2_path_payments.png */,
				83F5B31C2E32848900920FF1 /* trader_1_change_trust.png */,
				83F5B31D2E32848900920FF1 /* trader_2_change_trust.png */,
			);
			path = payment;
			sourceTree = "<group>";
		};
		83F5B3212E32848900920FF1 /* img */ = {
			isa = PBXGroup;
			children = (
				83F5B2DF2E32848900920FF1 /* account_creation */,
				83F5B3062E32848900920FF1 /* manage_trust */,
				83F5B31E2E32848900920FF1 /* payment */,
				83F5B31F2E32848900920FF1 /* sign_in_ui.png */,
				83F5B3202E32848900920FF1 /* signup-keys.png */,
			);
			path = img;
			sourceTree = "<group>";
		};
/* End PBXGroup section */

/* Begin PBXNativeTarget section */
		837397CF2E0D55E10032FDAA /* SwiftBasicPay */ = {
			isa = PBXNativeTarget;
			buildConfigurationList = 837397E02E0D55E20032FDAA /* Build configuration list for PBXNativeTarget "SwiftBasicPay" */;
			buildPhases = (
				837397CC2E0D55E10032FDAA /* Sources */,
				837397CD2E0D55E10032FDAA /* Frameworks */,
				837397CE2E0D55E10032FDAA /* Resources */,
			);
			buildRules = (
			);
			dependencies = (
			);
			name = SwiftBasicPay;
			packageProductDependencies = (
				837397E42E0D653E0032FDAA /* stellar-wallet-sdk */,
				837397F22E0D6B660032FDAA /* SimpleKeychain */,
				837397F52E0D72B90032FDAA /* CryptoSwift */,
				837397FD2E0E87110032FDAA /* AlertToast */,
				83F5B3732E37B9E300920FF1 /* stellar-wallet-sdk */,
			);
			productName = SwiftBasicPay;
			productReference = 837397D02E0D55E10032FDAA /* SwiftBasicPay.app */;
			productType = "com.apple.product-type.application";
		};
/* End PBXNativeTarget section */

/* Begin PBXProject section */
		837397C82E0D55E10032FDAA /* Project object */ = {
			isa = PBXProject;
			attributes = {
				BuildIndependentTargetsInParallel = 1;
				LastSwiftUpdateCheck = 1540;
				LastUpgradeCheck = 1540;
				TargetAttributes = {
					837397CF2E0D55E10032FDAA = {
						CreatedOnToolsVersion = 15.4;
					};
				};
			};
			buildConfigurationList = 837397CB2E0D55E10032FDAA /* Build configuration list for PBXProject "SwiftBasicPay" */;
			compatibilityVersion = "Xcode 14.0";
			developmentRegion = en;
			hasScannedForEncodings = 0;
			knownRegions = (
				en,
				Base,
			);
			mainGroup = 837397C72E0D55E10032FDAA;
			packageReferences = (
				837397F12E0D6B660032FDAA /* XCRemoteSwiftPackageReference "SimpleKeychain" */,
				837397F42E0D72B90032FDAA /* XCRemoteSwiftPackageReference "CryptoSwift" */,
				837397FC2E0E87110032FDAA /* XCRemoteSwiftPackageReference "AlertToast" */,
				83F5B3722E37B9E300920FF1 /* XCRemoteSwiftPackageReference "stellar-swift-wallet-sdk" */,
			);
			productRefGroup = 837397D12E0D55E10032FDAA /* Products */;
			projectDirPath = "";
			projectRoot = "";
			targets = (
				837397CF2E0D55E10032FDAA /* SwiftBasicPay */,
			);
		};
/* End PBXProject section */

/* Begin PBXResourcesBuildPhase section */
		837397CE2E0D55E10032FDAA /* Resources */ = {
			isa = PBXResourcesBuildPhase;
			buildActionMask = 2147483647;
			files = (
				83F5B3242E32848900920FF1 /* README.md in Resources */,
				83F5B32E2E32848900920FF1 /* account_not_funded.png in Resources */,
				83F5B35A2E32848900920FF1 /* james_trust_silver_1.png in Resources */,
				83F5B36D2E32848900920FF1 /* manage_trust.md in Resources */,
				83F5B32A2E32848900920FF1 /* signup_and_sign_in.md in Resources */,
				83F5B3292E32848900920FF1 /* secure_data_storage.md in Resources */,
				837397DD2E0D55E20032FDAA /* Preview Assets.xcassets in Resources */,
				83F5B3572E32848900920FF1 /* create_silver_offer.png in Resources */,
				83F5B3522E32848900920FF1 /* srt_added.png in Resources */,
				83F5B3252E32848900920FF1 /* anchor_integration.md in Resources */,
				83F5B34B2E32848900920FF1 /* overview_gold_balance.png in Resources */,
				83F5B35E2E32848900920FF1 /* recent_payments_strict_received.png in Resources */,
				83F5B35B2E32848900920FF1 /* james_trust_silver_2.png in Resources */,
				83F5B34E2E32848900920FF1 /* remove_srt_pin.png in Resources */,
				83F5B3582E32848900920FF1 /* dropdown_james.png in Resources */,
				83F5B3492E32848900920FF1 /* laboratory_send_gold_3.png in Resources */,
				83F5B3282E32848900920FF1 /* payment.md in Resources */,
				83F5B3602E32848900920FF1 /* select_send_gold.png in Resources */,
				83F5B3562E32848900920FF1 /* create_james_account.png in Resources */,
				83F5B36C2E32848900920FF1 /* authentication.md in Resources */,
				83F5B3612E32848900920FF1 /* show_strict_send_path.png in Resources */,
				83F5B3512E32848900920FF1 /* select_custom_asset.png in Resources */,
				83F5B3712E33988A00920FF1 /* my_data_box.png in Resources */,
				83F5B3542E32848900920FF1 /* add_james_contact.png in Resources */,
				83F5B35F2E32848900920FF1 /* recent_payments_updated.png in Resources */,
				83F5B3592E32848900920FF1 /* issuer_sends_copper_and_silver.png in Resources */,
				83F5B3652E32848900920FF1 /* strict_receive_path.png in Resources */,
				83F5B32B2E32848900920FF1 /* dashboard_data.md in Resources */,
				83F5B3552E32848900920FF1 /* create_copper_offer.png in Resources */,
				83F5B3412E32848900920FF1 /* assets_page.png in Resources */,
				83F5B35C2E32848900920FF1 /* path_payment_strict_receive_start.png in Resources */,
				83F5B3482E32848900920FF1 /* laboratory_send_gold_2.png in Resources */,
				83F5B3462E32848900920FF1 /* laboratory_create_issuer.png in Resources */,
				83F5B32C2E32848900920FF1 /* path_payment.md in Resources */,
				83F5B33F2E32848900920FF1 /* asset_removed.png in Resources */,
				83F5B3472E32848900920FF1 /* laboratory_send_gold_1.png in Resources */,
				83F5B3402E32848900920FF1 /* assets_dropdown.png in Resources */,
				83F5B3672E32848900920FF1 /* switched_2_path_payments.png in Resources */,
				83F5B33E2E32848900920FF1 /* adding_asset.png in Resources */,
				83F5B3682E32848900920FF1 /* trader_1_change_trust.png in Resources */,
				83F5B3702E33988A00920FF1 /* custom_asset_form.png in Resources */,
				83F5B3262E32848900920FF1 /* account_creation.md in Resources */,
				83F5B34F2E32848900920FF1 /* remove_srt_trash.png in Resources */,
				83F5B36B2E32848900920FF1 /* signup-keys.png in Resources */,
				83F5B35D2E32848900920FF1 /* path_payment_strict_send_start.png in Resources */,
				83F5B34D2E32848900920FF1 /* pin_input.png in Resources */,
				837397DA2E0D55E20032FDAA /* Assets.xcassets in Resources */,
				83F5B32D2E32848900920FF1 /* account_funded.png in Resources */,
				83F5B34C2E32848900920FF1 /* overview_srt_added.png in Resources */,
				83F5B3642E32848900920FF1 /* simple_payment.png in Resources */,
				83F5B3692E32848900920FF1 /* trader_2_change_trust.png in Resources */,
				83F5B3662E32848900920FF1 /* strict_receive_silver.png in Resources */,
				83F5B3422E32848900920FF1 /* custom_asset_added.png in Resources */,
				83F5B36A2E32848900920FF1 /* sign_in_ui.png in Resources */,
			);
			runOnlyForDeploymentPostprocessing = 0;
		};
/* End PBXResourcesBuildPhase section */

/* Begin PBXSourcesBuildPhase section */
		837397CC2E0D55E10032FDAA /* Sources */ = {
			isa = PBXSourcesBuildPhase;
			buildActionMask = 2147483647;
			files = (
				83F5B2D02E30CD5400920FF1 /* SendPaymentBox.swift in Sources */,
				837398062E0F2A800032FDAA /* PaymentsView.swift in Sources */,
				8304E7BA2E391B9300D31614 /* NewTransferView.swift in Sources */,
				837398042E0F29E80032FDAA /* Overview.swift in Sources */,
				837398162E129CF20032FDAA /* SettingsView.swift in Sources */,
				8373980E2E0F2BD90032FDAA /* ContactsView.swift in Sources */,
				8304E7BC2E391BA400D31614 /* TransferHistoryView.swift in Sources */,
				837397D62E0D55E10032FDAA /* ContentView.swift in Sources */,
				8376983B2E269C1400867095 /* AssetsFetcher.swift in Sources */,
				8373980C2E0F2B9B0032FDAA /* KycView.swift in Sources */,
				837397F02E0D6A830032FDAA /* SecureStorage.swift in Sources */,
				83F632392E1411C800C5A38E /* PinSheet.swift in Sources */,
				837398122E1000D90032FDAA /* Utils.swift in Sources */,
				83F5B2CE2E30C6B100920FF1 /* BalancesBox.swift in Sources */,
				837398082E0F2AE50032FDAA /* AssetsView.swift in Sources */,
				837397EB2E0D685C0032FDAA /* AuthView.swift in Sources */,
				83F5B2D22E30D48E00920FF1 /* SendPathPaymentBox.swift in Sources */,
				837397E92E0D67B70032FDAA /* Dashboard.swift in Sources */,
				837397D42E0D55E10032FDAA /* SwiftBasicPayApp.swift in Sources */,
				837397EE2E0D6A3F0032FDAA /* AuthService.swift in Sources */,
				837398142E10047A0032FDAA /* StellarService.swift in Sources */,
				83F5B2CC2E30342600920FF1 /* RecentPaymentsBox.swift in Sources */,
				83F5B2C92E2FC4E200920FF1 /* DashboardData.swift in Sources */,
				837397F82E0D7AEE0032FDAA /* DemoError.swift in Sources */,
				8373980A2E0F2B2C0032FDAA /* TransfersView.swift in Sources */,
			);
			runOnlyForDeploymentPostprocessing = 0;
		};
/* End PBXSourcesBuildPhase section */

/* Begin XCBuildConfiguration section */
		837397DE2E0D55E20032FDAA /* Debug */ = {
			isa = XCBuildConfiguration;
			buildSettings = {
				ALWAYS_SEARCH_USER_PATHS = NO;
				ASSETCATALOG_COMPILER_GENERATE_SWIFT_ASSET_SYMBOL_EXTENSIONS = YES;
				CLANG_ANALYZER_NONNULL = YES;
				CLANG_ANALYZER_NUMBER_OBJECT_CONVERSION = YES_AGGRESSIVE;
				CLANG_CXX_LANGUAGE_STANDARD = "gnu++20";
				CLANG_ENABLE_MODULES = YES;
				CLANG_ENABLE_OBJC_ARC = YES;
				CLANG_ENABLE_OBJC_WEAK = YES;
				CLANG_WARN_BLOCK_CAPTURE_AUTORELEASING = YES;
				CLANG_WARN_BOOL_CONVERSION = YES;
				CLANG_WARN_COMMA = YES;
				CLANG_WARN_CONSTANT_CONVERSION = YES;
				CLANG_WARN_DEPRECATED_OBJC_IMPLEMENTATIONS = YES;
				CLANG_WARN_DIRECT_OBJC_ISA_USAGE = YES_ERROR;
				CLANG_WARN_DOCUMENTATION_COMMENTS = YES;
				CLANG_WARN_EMPTY_BODY = YES;
				CLANG_WARN_ENUM_CONVERSION = YES;
				CLANG_WARN_INFINITE_RECURSION = YES;
				CLANG_WARN_INT_CONVERSION = YES;
				CLANG_WARN_NON_LITERAL_NULL_CONVERSION = YES;
				CLANG_WARN_OBJC_IMPLICIT_RETAIN_SELF = YES;
				CLANG_WARN_OBJC_LITERAL_CONVERSION = YES;
				CLANG_WARN_OBJC_ROOT_CLASS = YES_ERROR;
				CLANG_WARN_QUOTED_INCLUDE_IN_FRAMEWORK_HEADER = YES;
				CLANG_WARN_RANGE_LOOP_ANALYSIS = YES;
				CLANG_WARN_STRICT_PROTOTYPES = YES;
				CLANG_WARN_SUSPICIOUS_MOVE = YES;
				CLANG_WARN_UNGUARDED_AVAILABILITY = YES_AGGRESSIVE;
				CLANG_WARN_UNREACHABLE_CODE = YES;
				CLANG_WARN__DUPLICATE_METHOD_MATCH = YES;
				COPY_PHASE_STRIP = NO;
				DEBUG_INFORMATION_FORMAT = dwarf;
				ENABLE_STRICT_OBJC_MSGSEND = YES;
				ENABLE_TESTABILITY = YES;
				ENABLE_USER_SCRIPT_SANDBOXING = YES;
				GCC_C_LANGUAGE_STANDARD = gnu17;
				GCC_DYNAMIC_NO_PIC = NO;
				GCC_NO_COMMON_BLOCKS = YES;
				GCC_OPTIMIZATION_LEVEL = 0;
				GCC_PREPROCESSOR_DEFINITIONS = (
					"DEBUG=1",
					"$(inherited)",
				);
				GCC_WARN_64_TO_32_BIT_CONVERSION = YES;
				GCC_WARN_ABOUT_RETURN_TYPE = YES_ERROR;
				GCC_WARN_UNDECLARED_SELECTOR = YES;
				GCC_WARN_UNINITIALIZED_AUTOS = YES_AGGRESSIVE;
				GCC_WARN_UNUSED_FUNCTION = YES;
				GCC_WARN_UNUSED_VARIABLE = YES;
				IPHONEOS_DEPLOYMENT_TARGET = 17.5;
				LOCALIZATION_PREFERS_STRING_CATALOGS = YES;
				MTL_ENABLE_DEBUG_INFO = INCLUDE_SOURCE;
				MTL_FAST_MATH = YES;
				ONLY_ACTIVE_ARCH = YES;
				SDKROOT = iphoneos;
				SWIFT_ACTIVE_COMPILATION_CONDITIONS = "DEBUG $(inherited)";
				SWIFT_OPTIMIZATION_LEVEL = "-Onone";
			};
			name = Debug;
		};
		837397DF2E0D55E20032FDAA /* Release */ = {
			isa = XCBuildConfiguration;
			buildSettings = {
				ALWAYS_SEARCH_USER_PATHS = NO;
				ASSETCATALOG_COMPILER_GENERATE_SWIFT_ASSET_SYMBOL_EXTENSIONS = YES;
				CLANG_ANALYZER_NONNULL = YES;
				CLANG_ANALYZER_NUMBER_OBJECT_CONVERSION = YES_AGGRESSIVE;
				CLANG_CXX_LANGUAGE_STANDARD = "gnu++20";
				CLANG_ENABLE_MODULES = YES;
				CLANG_ENABLE_OBJC_ARC = YES;
				CLANG_ENABLE_OBJC_WEAK = YES;
				CLANG_WARN_BLOCK_CAPTURE_AUTORELEASING = YES;
				CLANG_WARN_BOOL_CONVERSION = YES;
				CLANG_WARN_COMMA = YES;
				CLANG_WARN_CONSTANT_CONVERSION = YES;
				CLANG_WARN_DEPRECATED_OBJC_IMPLEMENTATIONS = YES;
				CLANG_WARN_DIRECT_OBJC_ISA_USAGE = YES_ERROR;
				CLANG_WARN_DOCUMENTATION_COMMENTS = YES;
				CLANG_WARN_EMPTY_BODY = YES;
				CLANG_WARN_ENUM_CONVERSION = YES;
				CLANG_WARN_INFINITE_RECURSION = YES;
				CLANG_WARN_INT_CONVERSION = YES;
				CLANG_WARN_NON_LITERAL_NULL_CONVERSION = YES;
				CLANG_WARN_OBJC_IMPLICIT_RETAIN_SELF = YES;
				CLANG_WARN_OBJC_LITERAL_CONVERSION = YES;
				CLANG_WARN_OBJC_ROOT_CLASS = YES_ERROR;
				CLANG_WARN_QUOTED_INCLUDE_IN_FRAMEWORK_HEADER = YES;
				CLANG_WARN_RANGE_LOOP_ANALYSIS = YES;
				CLANG_WARN_STRICT_PROTOTYPES = YES;
				CLANG_WARN_SUSPICIOUS_MOVE = YES;
				CLANG_WARN_UNGUARDED_AVAILABILITY = YES_AGGRESSIVE;
				CLANG_WARN_UNREACHABLE_CODE = YES;
				CLANG_WARN__DUPLICATE_METHOD_MATCH = YES;
				COPY_PHASE_STRIP = NO;
				DEBUG_INFORMATION_FORMAT = "dwarf-with-dsym";
				ENABLE_NS_ASSERTIONS = NO;
				ENABLE_STRICT_OBJC_MSGSEND = YES;
				ENABLE_USER_SCRIPT_SANDBOXING = YES;
				GCC_C_LANGUAGE_STANDARD = gnu17;
				GCC_NO_COMMON_BLOCKS = YES;
				GCC_WARN_64_TO_32_BIT_CONVERSION = YES;
				GCC_WARN_ABOUT_RETURN_TYPE = YES_ERROR;
				GCC_WARN_UNDECLARED_SELECTOR = YES;
				GCC_WARN_UNINITIALIZED_AUTOS = YES_AGGRESSIVE;
				GCC_WARN_UNUSED_FUNCTION = YES;
				GCC_WARN_UNUSED_VARIABLE = YES;
				IPHONEOS_DEPLOYMENT_TARGET = 17.5;
				LOCALIZATION_PREFERS_STRING_CATALOGS = YES;
				MTL_ENABLE_DEBUG_INFO = NO;
				MTL_FAST_MATH = YES;
				SDKROOT = iphoneos;
				SWIFT_COMPILATION_MODE = wholemodule;
				VALIDATE_PRODUCT = YES;
			};
			name = Release;
		};
		837397E12E0D55E20032FDAA /* Debug */ = {
			isa = XCBuildConfiguration;
			buildSettings = {
				ASSETCATALOG_COMPILER_APPICON_NAME = AppIcon;
				ASSETCATALOG_COMPILER_GLOBAL_ACCENT_COLOR_NAME = AccentColor;
				CODE_SIGN_STYLE = Automatic;
				CURRENT_PROJECT_VERSION = 1;
				DEVELOPMENT_ASSET_PATHS = "\"SwiftBasicPay/Preview Content\"";
				DEVELOPMENT_TEAM = LB6PL7WFX2;
				ENABLE_PREVIEWS = YES;
				GENERATE_INFOPLIST_FILE = YES;
				INFOPLIST_KEY_UIApplicationSceneManifest_Generation = YES;
				INFOPLIST_KEY_UIApplicationSupportsIndirectInputEvents = YES;
				INFOPLIST_KEY_UILaunchScreen_Generation = YES;
				INFOPLIST_KEY_UISupportedInterfaceOrientations_iPad = "UIInterfaceOrientationPortrait UIInterfaceOrientationPortraitUpsideDown UIInterfaceOrientationLandscapeLeft UIInterfaceOrientationLandscapeRight";
				INFOPLIST_KEY_UISupportedInterfaceOrientations_iPhone = "UIInterfaceOrientationPortrait UIInterfaceOrientationLandscapeLeft UIInterfaceOrientationLandscapeRight";
				LD_RUNPATH_SEARCH_PATHS = (
					"$(inherited)",
					"@executable_path/Frameworks",
				);
				MARKETING_VERSION = 1.0;
				PRODUCT_BUNDLE_IDENTIFIER = com.soneso.SwiftBasicPay;
				PRODUCT_NAME = "$(TARGET_NAME)";
				SWIFT_EMIT_LOC_STRINGS = YES;
				SWIFT_VERSION = 5.0;
				TARGETED_DEVICE_FAMILY = "1,2";
			};
			name = Debug;
		};
		837397E22E0D55E20032FDAA /* Release */ = {
			isa = XCBuildConfiguration;
			buildSettings = {
				ASSETCATALOG_COMPILER_APPICON_NAME = AppIcon;
				ASSETCATALOG_COMPILER_GLOBAL_ACCENT_COLOR_NAME = AccentColor;
				CODE_SIGN_STYLE = Automatic;
				CURRENT_PROJECT_VERSION = 1;
				DEVELOPMENT_ASSET_PATHS = "\"SwiftBasicPay/Preview Content\"";
				DEVELOPMENT_TEAM = LB6PL7WFX2;
				ENABLE_PREVIEWS = YES;
				GENERATE_INFOPLIST_FILE = YES;
				INFOPLIST_KEY_UIApplicationSceneManifest_Generation = YES;
				INFOPLIST_KEY_UIApplicationSupportsIndirectInputEvents = YES;
				INFOPLIST_KEY_UILaunchScreen_Generation = YES;
				INFOPLIST_KEY_UISupportedInterfaceOrientations_iPad = "UIInterfaceOrientationPortrait UIInterfaceOrientationPortraitUpsideDown UIInterfaceOrientationLandscapeLeft UIInterfaceOrientationLandscapeRight";
				INFOPLIST_KEY_UISupportedInterfaceOrientations_iPhone = "UIInterfaceOrientationPortrait UIInterfaceOrientationLandscapeLeft UIInterfaceOrientationLandscapeRight";
				LD_RUNPATH_SEARCH_PATHS = (
					"$(inherited)",
					"@executable_path/Frameworks",
				);
				MARKETING_VERSION = 1.0;
				PRODUCT_BUNDLE_IDENTIFIER = com.soneso.SwiftBasicPay;
				PRODUCT_NAME = "$(TARGET_NAME)";
				SWIFT_EMIT_LOC_STRINGS = YES;
				SWIFT_VERSION = 5.0;
				TARGETED_DEVICE_FAMILY = "1,2";
			};
			name = Release;
		};
/* End XCBuildConfiguration section */

/* Begin XCConfigurationList section */
		837397CB2E0D55E10032FDAA /* Build configuration list for PBXProject "SwiftBasicPay" */ = {
			isa = XCConfigurationList;
			buildConfigurations = (
				837397DE2E0D55E20032FDAA /* Debug */,
				837397DF2E0D55E20032FDAA /* Release */,
			);
			defaultConfigurationIsVisible = 0;
			defaultConfigurationName = Release;
		};
		837397E02E0D55E20032FDAA /* Build configuration list for PBXNativeTarget "SwiftBasicPay" */ = {
			isa = XCConfigurationList;
			buildConfigurations = (
				837397E12E0D55E20032FDAA /* Debug */,
				837397E22E0D55E20032FDAA /* Release */,
			);
			defaultConfigurationIsVisible = 0;
			defaultConfigurationName = Release;
		};
/* End XCConfigurationList section */

/* Begin XCRemoteSwiftPackageReference section */
		837397F12E0D6B660032FDAA /* XCRemoteSwiftPackageReference "SimpleKeychain" */ = {
			isa = XCRemoteSwiftPackageReference;
			repositoryURL = "https://github.com/auth0/SimpleKeychain";
			requirement = {
				kind = upToNextMajorVersion;
				minimumVersion = 1.3.0;
			};
		};
		837397F42E0D72B90032FDAA /* XCRemoteSwiftPackageReference "CryptoSwift" */ = {
			isa = XCRemoteSwiftPackageReference;
			repositoryURL = "https://github.com/krzyzanowskim/CryptoSwift";
			requirement = {
				kind = upToNextMajorVersion;
				minimumVersion = 1.8.4;
			};
		};
		837397FC2E0E87110032FDAA /* XCRemoteSwiftPackageReference "AlertToast" */ = {
			isa = XCRemoteSwiftPackageReference;
			repositoryURL = "https://github.com/elai950/AlertToast";
			requirement = {
				kind = upToNextMajorVersion;
				minimumVersion = 1.3.9;
			};
		};
		83F5B3722E37B9E300920FF1 /* XCRemoteSwiftPackageReference "stellar-swift-wallet-sdk" */ = {
			isa = XCRemoteSwiftPackageReference;
			repositoryURL = "https://github.com/Soneso/stellar-swift-wallet-sdk";
			requirement = {
				kind = upToNextMajorVersion;
				minimumVersion = 0.6.4;
			};
		};
/* End XCRemoteSwiftPackageReference section */

/* Begin XCSwiftPackageProductDependency section */
		837397E42E0D653E0032FDAA /* stellar-wallet-sdk */ = {
			isa = XCSwiftPackageProductDependency;
			productName = "stellar-wallet-sdk";
		};
		837397F22E0D6B660032FDAA /* SimpleKeychain */ = {
			isa = XCSwiftPackageProductDependency;
			package = 837397F12E0D6B660032FDAA /* XCRemoteSwiftPackageReference "SimpleKeychain" */;
			productName = SimpleKeychain;
		};
		837397F52E0D72B90032FDAA /* CryptoSwift */ = {
			isa = XCSwiftPackageProductDependency;
			package = 837397F42E0D72B90032FDAA /* XCRemoteSwiftPackageReference "CryptoSwift" */;
			productName = CryptoSwift;
		};
		837397FD2E0E87110032FDAA /* AlertToast */ = {
			isa = XCSwiftPackageProductDependency;
			package = 837397FC2E0E87110032FDAA /* XCRemoteSwiftPackageReference "AlertToast" */;
			productName = AlertToast;
		};
		83F5B3732E37B9E300920FF1 /* stellar-wallet-sdk */ = {
			isa = XCSwiftPackageProductDependency;
			package = 83F5B3722E37B9E300920FF1 /* XCRemoteSwiftPackageReference "stellar-swift-wallet-sdk" */;
			productName = "stellar-wallet-sdk";
		};
/* End XCSwiftPackageProductDependency section */
	};
	rootObject = 837397C82E0D55E10032FDAA /* Project object */;
}
