// !$*UTF8*$!
{
	archiveVersion = 1;
	classes = {
	};
	objectVersion = 60;
	objects = {

/* Begin PBXBuildFile section */
		837397D42E0D55E10032FDAA /* SwiftBasicPayApp.swift in Sources */ = {isa = PBXBuildFile; fileRef = 837397D32E0D55E10032FDAA /* SwiftBasicPayApp.swift */; };
		837397D62E0D55E10032FDAA /* ContentView.swift in Sources */ = {isa = PBXBuildFile; fileRef = 837397D52E0D55E10032FDAA /* ContentView.swift */; };
		837397D82E0D55E10032FDAA /* Item.swift in Sources */ = {isa = PBXBuildFile; fileRef = 837397D72E0D55E10032FDAA /* Item.swift */; };
		837397DA2E0D55E20032FDAA /* Assets.xcassets in Resources */ = {isa = PBXBuildFile; fileRef = 837397D92E0D55E20032FDAA /* Assets.xcassets */; };
		837397DD2E0D55E20032FDAA /* Preview Assets.xcassets in Resources */ = {isa = PBXBuildFile; fileRef = 837397DC2E0D55E20032FDAA /* Preview Assets.xcassets */; };
		837397E52E0D653E0032FDAA /* stellar-wallet-sdk in Frameworks */ = {isa = PBXBuildFile; productRef = 837397E42E0D653E0032FDAA /* stellar-wallet-sdk */; };
		837397E92E0D67B70032FDAA /* Dashboard.swift in Sources */ = {isa = PBXBuildFile; fileRef = 837397E82E0D67B70032FDAA /* Dashboard.swift */; };
		837397EB2E0D685C0032FDAA /* AuthView.swift in Sources */ = {isa = PBXBuildFile; fileRef = 837397EA2E0D685C0032FDAA /* AuthView.swift */; };
		837397EE2E0D6A3F0032FDAA /* AuthService.swift in Sources */ = {isa = PBXBuildFile; fileRef = 837397ED2E0D6A3F0032FDAA /* AuthService.swift */; };
		837397F02E0D6A830032FDAA /* SecureStorage.swift in Sources */ = {isa = PBXBuildFile; fileRef = 837397EF2E0D6A830032FDAA /* SecureStorage.swift */; };
		837397F32E0D6B660032FDAA /* SimpleKeychain in Frameworks */ = {isa = PBXBuildFile; productRef = 837397F22E0D6B660032FDAA /* SimpleKeychain */; };
		837397F62E0D72B90032FDAA /* CryptoSwift in Frameworks */ = {isa = PBXBuildFile; productRef = 837397F52E0D72B90032FDAA /* CryptoSwift */; };
		837397F82E0D7AEE0032FDAA /* DemoError.swift in Sources */ = {isa = PBXBuildFile; fileRef = 837397F72E0D7AEE0032FDAA /* DemoError.swift */; };
		837397FB2E0D90080032FDAA /* LabelledDivider.swift in Sources */ = {isa = PBXBuildFile; fileRef = 837397FA2E0D90080032FDAA /* LabelledDivider.swift */; };
		837397FE2E0E87110032FDAA /* AlertToast in Frameworks */ = {isa = PBXBuildFile; productRef = 837397FD2E0E87110032FDAA /* AlertToast */; };
		837398042E0F29E80032FDAA /* Overview.swift in Sources */ = {isa = PBXBuildFile; fileRef = 837398032E0F29E80032FDAA /* Overview.swift */; };
		837398062E0F2A800032FDAA /* PaymentsView.swift in Sources */ = {isa = PBXBuildFile; fileRef = 837398052E0F2A800032FDAA /* PaymentsView.swift */; };
		837398082E0F2AE50032FDAA /* AssetsView.swift in Sources */ = {isa = PBXBuildFile; fileRef = 837398072E0F2AE50032FDAA /* AssetsView.swift */; };
		8373980A2E0F2B2C0032FDAA /* TransfersView.swift in Sources */ = {isa = PBXBuildFile; fileRef = 837398092E0F2B2C0032FDAA /* TransfersView.swift */; };
		8373980C2E0F2B9B0032FDAA /* KycView.swift in Sources */ = {isa = PBXBuildFile; fileRef = 8373980B2E0F2B9B0032FDAA /* KycView.swift */; };
		8373980E2E0F2BD90032FDAA /* ContactsView.swift in Sources */ = {isa = PBXBuildFile; fileRef = 8373980D2E0F2BD90032FDAA /* ContactsView.swift */; };
		837398122E1000D90032FDAA /* Utils.swift in Sources */ = {isa = PBXBuildFile; fileRef = 837398112E1000D90032FDAA /* Utils.swift */; };
		837398142E10047A0032FDAA /* StellarService.swift in Sources */ = {isa = PBXBuildFile; fileRef = 837398132E10047A0032FDAA /* StellarService.swift */; };
		837398162E129CF20032FDAA /* SettingsView.swift in Sources */ = {isa = PBXBuildFile; fileRef = 837398152E129CF20032FDAA /* SettingsView.swift */; };
/* End PBXBuildFile section */

/* Begin PBXFileReference section */
		837397D02E0D55E10032FDAA /* SwiftBasicPay.app */ = {isa = PBXFileReference; explicitFileType = wrapper.application; includeInIndex = 0; path = SwiftBasicPay.app; sourceTree = BUILT_PRODUCTS_DIR; };
		837397D32E0D55E10032FDAA /* SwiftBasicPayApp.swift */ = {isa = PBXFileReference; lastKnownFileType = sourcecode.swift; path = SwiftBasicPayApp.swift; sourceTree = "<group>"; };
		837397D52E0D55E10032FDAA /* ContentView.swift */ = {isa = PBXFileReference; lastKnownFileType = sourcecode.swift; path = ContentView.swift; sourceTree = "<group>"; };
		837397D72E0D55E10032FDAA /* Item.swift */ = {isa = PBXFileReference; lastKnownFileType = sourcecode.swift; path = Item.swift; sourceTree = "<group>"; };
		837397D92E0D55E20032FDAA /* Assets.xcassets */ = {isa = PBXFileReference; lastKnownFileType = folder.assetcatalog; path = Assets.xcassets; sourceTree = "<group>"; };
		837397DC2E0D55E20032FDAA /* Preview Assets.xcassets */ = {isa = PBXFileReference; lastKnownFileType = folder.assetcatalog; path = "Preview Assets.xcassets"; sourceTree = "<group>"; };
		837397E82E0D67B70032FDAA /* Dashboard.swift */ = {isa = PBXFileReference; lastKnownFileType = sourcecode.swift; path = Dashboard.swift; sourceTree = "<group>"; };
		837397EA2E0D685C0032FDAA /* AuthView.swift */ = {isa = PBXFileReference; lastKnownFileType = sourcecode.swift; path = AuthView.swift; sourceTree = "<group>"; };
		837397ED2E0D6A3F0032FDAA /* AuthService.swift */ = {isa = PBXFileReference; lastKnownFileType = sourcecode.swift; path = AuthService.swift; sourceTree = "<group>"; };
		837397EF2E0D6A830032FDAA /* SecureStorage.swift */ = {isa = PBXFileReference; lastKnownFileType = sourcecode.swift; path = SecureStorage.swift; sourceTree = "<group>"; };
		837397F72E0D7AEE0032FDAA /* DemoError.swift */ = {isa = PBXFileReference; lastKnownFileType = sourcecode.swift; path = DemoError.swift; sourceTree = "<group>"; };
		837397FA2E0D90080032FDAA /* LabelledDivider.swift */ = {isa = PBXFileReference; lastKnownFileType = sourcecode.swift; path = LabelledDivider.swift; sourceTree = "<group>"; };
		837398032E0F29E80032FDAA /* Overview.swift */ = {isa = PBXFileReference; lastKnownFileType = sourcecode.swift; path = Overview.swift; sourceTree = "<group>"; };
		837398052E0F2A800032FDAA /* PaymentsView.swift */ = {isa = PBXFileReference; lastKnownFileType = sourcecode.swift; path = PaymentsView.swift; sourceTree = "<group>"; };
		837398072E0F2AE50032FDAA /* AssetsView.swift */ = {isa = PBXFileReference; lastKnownFileType = sourcecode.swift; path = AssetsView.swift; sourceTree = "<group>"; };
		837398092E0F2B2C0032FDAA /* TransfersView.swift */ = {isa = PBXFileReference; lastKnownFileType = sourcecode.swift; path = TransfersView.swift; sourceTree = "<group>"; };
		8373980B2E0F2B9B0032FDAA /* KycView.swift */ = {isa = PBXFileReference; lastKnownFileType = sourcecode.swift; path = KycView.swift; sourceTree = "<group>"; };
		8373980D2E0F2BD90032FDAA /* ContactsView.swift */ = {isa = PBXFileReference; lastKnownFileType = sourcecode.swift; path = ContactsView.swift; sourceTree = "<group>"; };
		837398112E1000D90032FDAA /* Utils.swift */ = {isa = PBXFileReference; lastKnownFileType = sourcecode.swift; path = Utils.swift; sourceTree = "<group>"; };
		837398132E10047A0032FDAA /* StellarService.swift */ = {isa = PBXFileReference; lastKnownFileType = sourcecode.swift; path = StellarService.swift; sourceTree = "<group>"; };
		837398152E129CF20032FDAA /* SettingsView.swift */ = {isa = PBXFileReference; lastKnownFileType = sourcecode.swift; path = SettingsView.swift; sourceTree = "<group>"; };
/* End PBXFileReference section */

/* Begin PBXFrameworksBuildPhase section */
		837397CD2E0D55E10032FDAA /* Frameworks */ = {
			isa = PBXFrameworksBuildPhase;
			buildActionMask = 2147483647;
			files = (
				837397F32E0D6B660032FDAA /* SimpleKeychain in Frameworks */,
				837397FE2E0E87110032FDAA /* AlertToast in Frameworks */,
				837397E52E0D653E0032FDAA /* stellar-wallet-sdk in Frameworks */,
				837397F62E0D72B90032FDAA /* CryptoSwift in Frameworks */,
			);
			runOnlyForDeploymentPostprocessing = 0;
		};
/* End PBXFrameworksBuildPhase section */

/* Begin PBXGroup section */
		837397C72E0D55E10032FDAA = {
			isa = PBXGroup;
			children = (
				837397D22E0D55E10032FDAA /* SwiftBasicPay */,
				837397D12E0D55E10032FDAA /* Products */,
			);
			sourceTree = "<group>";
		};
		837397D12E0D55E10032FDAA /* Products */ = {
			isa = PBXGroup;
			children = (
				837397D02E0D55E10032FDAA /* SwiftBasicPay.app */,
			);
			name = Products;
			sourceTree = "<group>";
		};
		837397D22E0D55E10032FDAA /* SwiftBasicPay */ = {
			isa = PBXGroup;
			children = (
				837397F92E0D8FD00032FDAA /* common */,
				837397EC2E0D6A270032FDAA /* services */,
				837397D32E0D55E10032FDAA /* SwiftBasicPayApp.swift */,
				837397D52E0D55E10032FDAA /* ContentView.swift */,
				837397D72E0D55E10032FDAA /* Item.swift */,
				837397D92E0D55E20032FDAA /* Assets.xcassets */,
				837397DB2E0D55E20032FDAA /* Preview Content */,
				837397E82E0D67B70032FDAA /* Dashboard.swift */,
				837397EA2E0D685C0032FDAA /* AuthView.swift */,
				837397F72E0D7AEE0032FDAA /* DemoError.swift */,
				837398032E0F29E80032FDAA /* Overview.swift */,
				837398052E0F2A800032FDAA /* PaymentsView.swift */,
				837398072E0F2AE50032FDAA /* AssetsView.swift */,
				837398092E0F2B2C0032FDAA /* TransfersView.swift */,
				8373980B2E0F2B9B0032FDAA /* KycView.swift */,
				8373980D2E0F2BD90032FDAA /* ContactsView.swift */,
				837398152E129CF20032FDAA /* SettingsView.swift */,
			);
			path = SwiftBasicPay;
			sourceTree = "<group>";
		};
		837397DB2E0D55E20032FDAA /* Preview Content */ = {
			isa = PBXGroup;
			children = (
				837397DC2E0D55E20032FDAA /* Preview Assets.xcassets */,
			);
			path = "Preview Content";
			sourceTree = "<group>";
		};
		837397EC2E0D6A270032FDAA /* services */ = {
			isa = PBXGroup;
			children = (
				837397ED2E0D6A3F0032FDAA /* AuthService.swift */,
				837397EF2E0D6A830032FDAA /* SecureStorage.swift */,
				837398132E10047A0032FDAA /* StellarService.swift */,
			);
			path = services;
			sourceTree = "<group>";
		};
		837397F92E0D8FD00032FDAA /* common */ = {
			isa = PBXGroup;
			children = (
				837397FA2E0D90080032FDAA /* LabelledDivider.swift */,
				837398112E1000D90032FDAA /* Utils.swift */,
			);
			path = common;
			sourceTree = "<group>";
		};
/* End PBXGroup section */

/* Begin PBXNativeTarget section */
		837397CF2E0D55E10032FDAA /* SwiftBasicPay */ = {
			isa = PBXNativeTarget;
			buildConfigurationList = 837397E02E0D55E20032FDAA /* Build configuration list for PBXNativeTarget "SwiftBasicPay" */;
			buildPhases = (
				837397CC2E0D55E10032FDAA /* Sources */,
				837397CD2E0D55E10032FDAA /* Frameworks */,
				837397CE2E0D55E10032FDAA /* Resources */,
			);
			buildRules = (
			);
			dependencies = (
			);
			name = SwiftBasicPay;
			packageProductDependencies = (
				837397E42E0D653E0032FDAA /* stellar-wallet-sdk */,
				837397F22E0D6B660032FDAA /* SimpleKeychain */,
				837397F52E0D72B90032FDAA /* CryptoSwift */,
				837397FD2E0E87110032FDAA /* AlertToast */,
			);
			productName = SwiftBasicPay;
			productReference = 837397D02E0D55E10032FDAA /* SwiftBasicPay.app */;
			productType = "com.apple.product-type.application";
		};
/* End PBXNativeTarget section */

/* Begin PBXProject section */
		837397C82E0D55E10032FDAA /* Project object */ = {
			isa = PBXProject;
			attributes = {
				BuildIndependentTargetsInParallel = 1;
				LastSwiftUpdateCheck = 1540;
				LastUpgradeCheck = 1540;
				TargetAttributes = {
					837397CF2E0D55E10032FDAA = {
						CreatedOnToolsVersion = 15.4;
					};
				};
			};
			buildConfigurationList = 837397CB2E0D55E10032FDAA /* Build configuration list for PBXProject "SwiftBasicPay" */;
			compatibilityVersion = "Xcode 14.0";
			developmentRegion = en;
			hasScannedForEncodings = 0;
			knownRegions = (
				en,
				Base,
			);
			mainGroup = 837397C72E0D55E10032FDAA;
			packageReferences = (
				837397E32E0D653E0032FDAA /* XCLocalSwiftPackageReference "../stellar-swift-wallet-sdk" */,
				837397F12E0D6B660032FDAA /* XCRemoteSwiftPackageReference "SimpleKeychain" */,
				837397F42E0D72B90032FDAA /* XCRemoteSwiftPackageReference "CryptoSwift" */,
				837397FC2E0E87110032FDAA /* XCRemoteSwiftPackageReference "AlertToast" */,
			);
			productRefGroup = 837397D12E0D55E10032FDAA /* Products */;
			projectDirPath = "";
			projectRoot = "";
			targets = (
				837397CF2E0D55E10032FDAA /* SwiftBasicPay */,
			);
		};
/* End PBXProject section */

/* Begin PBXResourcesBuildPhase section */
		837397CE2E0D55E10032FDAA /* Resources */ = {
			isa = PBXResourcesBuildPhase;
			buildActionMask = 2147483647;
			files = (
				837397DD2E0D55E20032FDAA /* Preview Assets.xcassets in Resources */,
				837397DA2E0D55E20032FDAA /* Assets.xcassets in Resources */,
			);
			runOnlyForDeploymentPostprocessing = 0;
		};
/* End PBXResourcesBuildPhase section */

/* Begin PBXSourcesBuildPhase section */
		837397CC2E0D55E10032FDAA /* Sources */ = {
			isa = PBXSourcesBuildPhase;
			buildActionMask = 2147483647;
			files = (
				837398062E0F2A800032FDAA /* PaymentsView.swift in Sources */,
				837398042E0F29E80032FDAA /* Overview.swift in Sources */,
				837397FB2E0D90080032FDAA /* LabelledDivider.swift in Sources */,
				837398162E129CF20032FDAA /* SettingsView.swift in Sources */,
				8373980E2E0F2BD90032FDAA /* ContactsView.swift in Sources */,
				837397D62E0D55E10032FDAA /* ContentView.swift in Sources */,
				8373980C2E0F2B9B0032FDAA /* KycView.swift in Sources */,
				837397F02E0D6A830032FDAA /* SecureStorage.swift in Sources */,
				837398122E1000D90032FDAA /* Utils.swift in Sources */,
				837398082E0F2AE50032FDAA /* AssetsView.swift in Sources */,
				837397EB2E0D685C0032FDAA /* AuthView.swift in Sources */,
				837397E92E0D67B70032FDAA /* Dashboard.swift in Sources */,
				837397D82E0D55E10032FDAA /* Item.swift in Sources */,
				837397D42E0D55E10032FDAA /* SwiftBasicPayApp.swift in Sources */,
				837397EE2E0D6A3F0032FDAA /* AuthService.swift in Sources */,
				837398142E10047A0032FDAA /* StellarService.swift in Sources */,
				837397F82E0D7AEE0032FDAA /* DemoError.swift in Sources */,
				8373980A2E0F2B2C0032FDAA /* TransfersView.swift in Sources */,
			);
			runOnlyForDeploymentPostprocessing = 0;
		};
/* End PBXSourcesBuildPhase section */

/* Begin XCBuildConfiguration section */
		837397DE2E0D55E20032FDAA /* Debug */ = {
			isa = XCBuildConfiguration;
			buildSettings = {
				ALWAYS_SEARCH_USER_PATHS = NO;
				ASSETCATALOG_COMPILER_GENERATE_SWIFT_ASSET_SYMBOL_EXTENSIONS = YES;
				CLANG_ANALYZER_NONNULL = YES;
				CLANG_ANALYZER_NUMBER_OBJECT_CONVERSION = YES_AGGRESSIVE;
				CLANG_CXX_LANGUAGE_STANDARD = "gnu++20";
				CLANG_ENABLE_MODULES = YES;
				CLANG_ENABLE_OBJC_ARC = YES;
				CLANG_ENABLE_OBJC_WEAK = YES;
				CLANG_WARN_BLOCK_CAPTURE_AUTORELEASING = YES;
				CLANG_WARN_BOOL_CONVERSION = YES;
				CLANG_WARN_COMMA = YES;
				CLANG_WARN_CONSTANT_CONVERSION = YES;
				CLANG_WARN_DEPRECATED_OBJC_IMPLEMENTATIONS = YES;
				CLANG_WARN_DIRECT_OBJC_ISA_USAGE = YES_ERROR;
				CLANG_WARN_DOCUMENTATION_COMMENTS = YES;
				CLANG_WARN_EMPTY_BODY = YES;
				CLANG_WARN_ENUM_CONVERSION = YES;
				CLANG_WARN_INFINITE_RECURSION = YES;
				CLANG_WARN_INT_CONVERSION = YES;
				CLANG_WARN_NON_LITERAL_NULL_CONVERSION = YES;
				CLANG_WARN_OBJC_IMPLICIT_RETAIN_SELF = YES;
				CLANG_WARN_OBJC_LITERAL_CONVERSION = YES;
				CLANG_WARN_OBJC_ROOT_CLASS = YES_ERROR;
				CLANG_WARN_QUOTED_INCLUDE_IN_FRAMEWORK_HEADER = YES;
				CLANG_WARN_RANGE_LOOP_ANALYSIS = YES;
				CLANG_WARN_STRICT_PROTOTYPES = YES;
				CLANG_WARN_SUSPICIOUS_MOVE = YES;
				CLANG_WARN_UNGUARDED_AVAILABILITY = YES_AGGRESSIVE;
				CLANG_WARN_UNREACHABLE_CODE = YES;
				CLANG_WARN__DUPLICATE_METHOD_MATCH = YES;
				COPY_PHASE_STRIP = NO;
				DEBUG_INFORMATION_FORMAT = dwarf;
				ENABLE_STRICT_OBJC_MSGSEND = YES;
				ENABLE_TESTABILITY = YES;
				ENABLE_USER_SCRIPT_SANDBOXING = YES;
				GCC_C_LANGUAGE_STANDARD = gnu17;
				GCC_DYNAMIC_NO_PIC = NO;
				GCC_NO_COMMON_BLOCKS = YES;
				GCC_OPTIMIZATION_LEVEL = 0;
				GCC_PREPROCESSOR_DEFINITIONS = (
					"DEBUG=1",
					"$(inherited)",
				);
				GCC_WARN_64_TO_32_BIT_CONVERSION = YES;
				GCC_WARN_ABOUT_RETURN_TYPE = YES_ERROR;
				GCC_WARN_UNDECLARED_SELECTOR = YES;
				GCC_WARN_UNINITIALIZED_AUTOS = YES_AGGRESSIVE;
				GCC_WARN_UNUSED_FUNCTION = YES;
				GCC_WARN_UNUSED_VARIABLE = YES;
				IPHONEOS_DEPLOYMENT_TARGET = 17.5;
				LOCALIZATION_PREFERS_STRING_CATALOGS = YES;
				MTL_ENABLE_DEBUG_INFO = INCLUDE_SOURCE;
				MTL_FAST_MATH = YES;
				ONLY_ACTIVE_ARCH = YES;
				SDKROOT = iphoneos;
				SWIFT_ACTIVE_COMPILATION_CONDITIONS = "DEBUG $(inherited)";
				SWIFT_OPTIMIZATION_LEVEL = "-Onone";
			};
			name = Debug;
		};
		837397DF2E0D55E20032FDAA /* Release */ = {
			isa = XCBuildConfiguration;
			buildSettings = {
				ALWAYS_SEARCH_USER_PATHS = NO;
				ASSETCATALOG_COMPILER_GENERATE_SWIFT_ASSET_SYMBOL_EXTENSIONS = YES;
				CLANG_ANALYZER_NONNULL = YES;
				CLANG_ANALYZER_NUMBER_OBJECT_CONVERSION = YES_AGGRESSIVE;
				CLANG_CXX_LANGUAGE_STANDARD = "gnu++20";
				CLANG_ENABLE_MODULES = YES;
				CLANG_ENABLE_OBJC_ARC = YES;
				CLANG_ENABLE_OBJC_WEAK = YES;
				CLANG_WARN_BLOCK_CAPTURE_AUTORELEASING = YES;
				CLANG_WARN_BOOL_CONVERSION = YES;
				CLANG_WARN_COMMA = YES;
				CLANG_WARN_CONSTANT_CONVERSION = YES;
				CLANG_WARN_DEPRECATED_OBJC_IMPLEMENTATIONS = YES;
				CLANG_WARN_DIRECT_OBJC_ISA_USAGE = YES_ERROR;
				CLANG_WARN_DOCUMENTATION_COMMENTS = YES;
				CLANG_WARN_EMPTY_BODY = YES;
				CLANG_WARN_ENUM_CONVERSION = YES;
				CLANG_WARN_INFINITE_RECURSION = YES;
				CLANG_WARN_INT_CONVERSION = YES;
				CLANG_WARN_NON_LITERAL_NULL_CONVERSION = YES;
				CLANG_WARN_OBJC_IMPLICIT_RETAIN_SELF = YES;
				CLANG_WARN_OBJC_LITERAL_CONVERSION = YES;
				CLANG_WARN_OBJC_ROOT_CLASS = YES_ERROR;
				CLANG_WARN_QUOTED_INCLUDE_IN_FRAMEWORK_HEADER = YES;
				CLANG_WARN_RANGE_LOOP_ANALYSIS = YES;
				CLANG_WARN_STRICT_PROTOTYPES = YES;
				CLANG_WARN_SUSPICIOUS_MOVE = YES;
				CLANG_WARN_UNGUARDED_AVAILABILITY = YES_AGGRESSIVE;
				CLANG_WARN_UNREACHABLE_CODE = YES;
				CLANG_WARN__DUPLICATE_METHOD_MATCH = YES;
				COPY_PHASE_STRIP = NO;
				DEBUG_INFORMATION_FORMAT = "dwarf-with-dsym";
				ENABLE_NS_ASSERTIONS = NO;
				ENABLE_STRICT_OBJC_MSGSEND = YES;
				ENABLE_USER_SCRIPT_SANDBOXING = YES;
				GCC_C_LANGUAGE_STANDARD = gnu17;
				GCC_NO_COMMON_BLOCKS = YES;
				GCC_WARN_64_TO_32_BIT_CONVERSION = YES;
				GCC_WARN_ABOUT_RETURN_TYPE = YES_ERROR;
				GCC_WARN_UNDECLARED_SELECTOR = YES;
				GCC_WARN_UNINITIALIZED_AUTOS = YES_AGGRESSIVE;
				GCC_WARN_UNUSED_FUNCTION = YES;
				GCC_WARN_UNUSED_VARIABLE = YES;
				IPHONEOS_DEPLOYMENT_TARGET = 17.5;
				LOCALIZATION_PREFERS_STRING_CATALOGS = YES;
				MTL_ENABLE_DEBUG_INFO = NO;
				MTL_FAST_MATH = YES;
				SDKROOT = iphoneos;
				SWIFT_COMPILATION_MODE = wholemodule;
				VALIDATE_PRODUCT = YES;
			};
			name = Release;
		};
		837397E12E0D55E20032FDAA /* Debug */ = {
			isa = XCBuildConfiguration;
			buildSettings = {
				ASSETCATALOG_COMPILER_APPICON_NAME = AppIcon;
				ASSETCATALOG_COMPILER_GLOBAL_ACCENT_COLOR_NAME = AccentColor;
				CODE_SIGN_STYLE = Automatic;
				CURRENT_PROJECT_VERSION = 1;
				DEVELOPMENT_ASSET_PATHS = "\"SwiftBasicPay/Preview Content\"";
				DEVELOPMENT_TEAM = LB6PL7WFX2;
				ENABLE_PREVIEWS = YES;
				GENERATE_INFOPLIST_FILE = YES;
				INFOPLIST_KEY_UIApplicationSceneManifest_Generation = YES;
				INFOPLIST_KEY_UIApplicationSupportsIndirectInputEvents = YES;
				INFOPLIST_KEY_UILaunchScreen_Generation = YES;
				INFOPLIST_KEY_UISupportedInterfaceOrientations_iPad = "UIInterfaceOrientationPortrait UIInterfaceOrientationPortraitUpsideDown UIInterfaceOrientationLandscapeLeft UIInterfaceOrientationLandscapeRight";
				INFOPLIST_KEY_UISupportedInterfaceOrientations_iPhone = "UIInterfaceOrientationPortrait UIInterfaceOrientationLandscapeLeft UIInterfaceOrientationLandscapeRight";
				LD_RUNPATH_SEARCH_PATHS = (
					"$(inherited)",
					"@executable_path/Frameworks",
				);
				MARKETING_VERSION = 1.0;
				PRODUCT_BUNDLE_IDENTIFIER = com.soneso.SwiftBasicPay;
				PRODUCT_NAME = "$(TARGET_NAME)";
				SWIFT_EMIT_LOC_STRINGS = YES;
				SWIFT_VERSION = 5.0;
				TARGETED_DEVICE_FAMILY = "1,2";
			};
			name = Debug;
		};
		837397E22E0D55E20032FDAA /* Release */ = {
			isa = XCBuildConfiguration;
			buildSettings = {
				ASSETCATALOG_COMPILER_APPICON_NAME = AppIcon;
				ASSETCATALOG_COMPILER_GLOBAL_ACCENT_COLOR_NAME = AccentColor;
				CODE_SIGN_STYLE = Automatic;
				CURRENT_PROJECT_VERSION = 1;
				DEVELOPMENT_ASSET_PATHS = "\"SwiftBasicPay/Preview Content\"";
				DEVELOPMENT_TEAM = LB6PL7WFX2;
				ENABLE_PREVIEWS = YES;
				GENERATE_INFOPLIST_FILE = YES;
				INFOPLIST_KEY_UIApplicationSceneManifest_Generation = YES;
				INFOPLIST_KEY_UIApplicationSupportsIndirectInputEvents = YES;
				INFOPLIST_KEY_UILaunchScreen_Generation = YES;
				INFOPLIST_KEY_UISupportedInterfaceOrientations_iPad = "UIInterfaceOrientationPortrait UIInterfaceOrientationPortraitUpsideDown UIInterfaceOrientationLandscapeLeft UIInterfaceOrientationLandscapeRight";
				INFOPLIST_KEY_UISupportedInterfaceOrientations_iPhone = "UIInterfaceOrientationPortrait UIInterfaceOrientationLandscapeLeft UIInterfaceOrientationLandscapeRight";
				LD_RUNPATH_SEARCH_PATHS = (
					"$(inherited)",
					"@executable_path/Frameworks",
				);
				MARKETING_VERSION = 1.0;
				PRODUCT_BUNDLE_IDENTIFIER = com.soneso.SwiftBasicPay;
				PRODUCT_NAME = "$(TARGET_NAME)";
				SWIFT_EMIT_LOC_STRINGS = YES;
				SWIFT_VERSION = 5.0;
				TARGETED_DEVICE_FAMILY = "1,2";
			};
			name = Release;
		};
/* End XCBuildConfiguration section */

/* Begin XCConfigurationList section */
		837397CB2E0D55E10032FDAA /* Build configuration list for PBXProject "SwiftBasicPay" */ = {
			isa = XCConfigurationList;
			buildConfigurations = (
				837397DE2E0D55E20032FDAA /* Debug */,
				837397DF2E0D55E20032FDAA /* Release */,
			);
			defaultConfigurationIsVisible = 0;
			defaultConfigurationName = Release;
		};
		837397E02E0D55E20032FDAA /* Build configuration list for PBXNativeTarget "SwiftBasicPay" */ = {
			isa = XCConfigurationList;
			buildConfigurations = (
				837397E12E0D55E20032FDAA /* Debug */,
				837397E22E0D55E20032FDAA /* Release */,
			);
			defaultConfigurationIsVisible = 0;
			defaultConfigurationName = Release;
		};
/* End XCConfigurationList section */

/* Begin XCLocalSwiftPackageReference section */
		837397E32E0D653E0032FDAA /* XCLocalSwiftPackageReference "../stellar-swift-wallet-sdk" */ = {
			isa = XCLocalSwiftPackageReference;
			relativePath = "../stellar-swift-wallet-sdk";
		};
/* End XCLocalSwiftPackageReference section */

/* Begin XCRemoteSwiftPackageReference section */
		837397F12E0D6B660032FDAA /* XCRemoteSwiftPackageReference "SimpleKeychain" */ = {
			isa = XCRemoteSwiftPackageReference;
			repositoryURL = "https://github.com/auth0/SimpleKeychain";
			requirement = {
				kind = upToNextMajorVersion;
				minimumVersion = 1.3.0;
			};
		};
		837397F42E0D72B90032FDAA /* XCRemoteSwiftPackageReference "CryptoSwift" */ = {
			isa = XCRemoteSwiftPackageReference;
			repositoryURL = "https://github.com/krzyzanowskim/CryptoSwift";
			requirement = {
				kind = upToNextMajorVersion;
				minimumVersion = 1.8.4;
			};
		};
		837397FC2E0E87110032FDAA /* XCRemoteSwiftPackageReference "AlertToast" */ = {
			isa = XCRemoteSwiftPackageReference;
			repositoryURL = "https://github.com/elai950/AlertToast";
			requirement = {
				kind = upToNextMajorVersion;
				minimumVersion = 1.3.9;
			};
		};
/* End XCRemoteSwiftPackageReference section */

/* Begin XCSwiftPackageProductDependency section */
		837397E42E0D653E0032FDAA /* stellar-wallet-sdk */ = {
			isa = XCSwiftPackageProductDependency;
			productName = "stellar-wallet-sdk";
		};
		837397F22E0D6B660032FDAA /* SimpleKeychain */ = {
			isa = XCSwiftPackageProductDependency;
			package = 837397F12E0D6B660032FDAA /* XCRemoteSwiftPackageReference "SimpleKeychain" */;
			productName = SimpleKeychain;
		};
		837397F52E0D72B90032FDAA /* CryptoSwift */ = {
			isa = XCSwiftPackageProductDependency;
			package = 837397F42E0D72B90032FDAA /* XCRemoteSwiftPackageReference "CryptoSwift" */;
			productName = CryptoSwift;
		};
		837397FD2E0E87110032FDAA /* AlertToast */ = {
			isa = XCSwiftPackageProductDependency;
			package = 837397FC2E0E87110032FDAA /* XCRemoteSwiftPackageReference "AlertToast" */;
			productName = AlertToast;
		};
/* End XCSwiftPackageProductDependency section */
	};
	rootObject = 837397C82E0D55E10032FDAA /* Project object */;
}
